// !$*UTF8*$!
{
	archiveVersion = 1;
	classes = {
	};
	objectVersion = 55;
	objects = {

/* Begin PBXBuildFile section */
		5A012CAE282B54C800785420 /* Downloader.swift in Sources */ = {isa = PBXBuildFile; fileRef = 5A012CAD282B54C800785420 /* Downloader.swift */; };
		5A05643D2EF35D5A0000D71D /* FlowingCollectionsView.swift in Sources */ = {isa = PBXBuildFile; fileRef = 5A05643C2EF35D5A0000D71D /* FlowingCollectionsView.swift */; };
		5A05643F2EF35D5A0000D71D /* FlowLayout.swift in Sources */ = {isa = PBXBuildFile; fileRef = 5A05643E2EF35D5A0000D71D /* FlowLayout.swift */; };
		5A0564412EF35D5A0000D71D /* VideoPlayerWithPlaceholder.swift in Sources */ = {isa = PBXBuildFile; fileRef = 5A0564402EF35D5A0000D71D /* VideoPlayerWithPlaceholder.swift */; };
		5A0564432EF35D5A0000D71D /* AudioPlayerView.swift in Sources */ = {isa = PBXBuildFile; fileRef = 5A0564422EF35D5A0000D71D /* AudioPlayerView.swift */; };
		5A0E15182EF1EB4D000A80D2 /* CachedAsyncImage.swift in Sources */ = {isa = PBXBuildFile; fileRef = 5A0E15172EF1EB4D000A80D2 /* CachedAsyncImage.swift */; };
		5A0E151B2EF204AC000A80D2 /* ArchiveFileDisplayable.swift in Sources */ = {isa = PBXBuildFile; fileRef = 5A0E15192EF204AC000A80D2 /* ArchiveFileDisplayable.swift */; };
		5A0E151D2EF207F2000A80D2 /* HistoryArchiveFileEntity+CoreDataClass.swift in Sources */ = {isa = PBXBuildFile; fileRef = 5A0E151C2EF207F2000A80D2 /* HistoryArchiveFileEntity+CoreDataClass.swift */; };
		5A0E151E2EF207F2000A80D2 /* HistoryArchiveFileEntity+CoreDataClass.swift in Sources */ = {isa = PBXBuildFile; fileRef = 5A0E151C2EF207F2000A80D2 /* HistoryArchiveFileEntity+CoreDataClass.swift */; };
		5A0E15202EF207F2000A80D2 /* HistoryArchiveFileEntity+CoreDataProperties.swift in Sources */ = {isa = PBXBuildFile; fileRef = 5A0E151F2EF207F2000A80D2 /* HistoryArchiveFileEntity+CoreDataProperties.swift */; };
		5A0E15212EF207F2000A80D2 /* HistoryArchiveFileEntity+CoreDataProperties.swift in Sources */ = {isa = PBXBuildFile; fileRef = 5A0E151F2EF207F2000A80D2 /* HistoryArchiveFileEntity+CoreDataProperties.swift */; };
		5A0E15232EF207F8000A80D2 /* HistoryArchiveFileEntity+Extensions.swift in Sources */ = {isa = PBXBuildFile; fileRef = 5A0E15222EF207F8000A80D2 /* HistoryArchiveFileEntity+Extensions.swift */; };
		5A1CB7132EEFDED900B8D664 /* FavoriteArchiveItemView.swift in Sources */ = {isa = PBXBuildFile; fileRef = 5A1CB7122EEFDED900B8D664 /* FavoriteArchiveItemView.swift */; };
		5A2FACD327A10FB200D02945 /* SearchItemView.swift in Sources */ = {isa = PBXBuildFile; fileRef = 5A2FACD227A10FB200D02945 /* SearchItemView.swift */; };
		5A305F522807BF5E00735FAA /* iaAPI in Frameworks */ = {isa = PBXBuildFile; productRef = 5A305F512807BF5E00735FAA /* iaAPI */; };
		5A33A43F2A59CC520010C6FA /* DetailViewModel.swift in Sources */ = {isa = PBXBuildFile; fileRef = 5A33A43E2A59CC520010C6FA /* DetailViewModel.swift */; };
		5A35A6D92ABBC34000A127D6 /* ViewBuilders.swift in Sources */ = {isa = PBXBuildFile; fileRef = 5A35A6D82ABBC34000A127D6 /* ViewBuilders.swift */; };
		5A35A6DC2ABBE8A800A127D6 /* DebugView.swift in Sources */ = {isa = PBXBuildFile; fileRef = 5A35A6DB2ABBE8A800A127D6 /* DebugView.swift */; };
		5A3AAA6D2AEDEAC6004A15BC /* Internet_Archive_Player_tvOSApp.swift in Sources */ = {isa = PBXBuildFile; fileRef = 5A3AAA6C2AEDEAC6004A15BC /* Internet_Archive_Player_tvOSApp.swift */; };
		5A3AAA6F2AEDEAC6004A15BC /* ContentView.swift in Sources */ = {isa = PBXBuildFile; fileRef = 5A3AAA6E2AEDEAC6004A15BC /* ContentView.swift */; };
		5A3AAA712AEDEAC6004A15BC /* Assets.xcassets in Resources */ = {isa = PBXBuildFile; fileRef = 5A3AAA702AEDEAC6004A15BC /* Assets.xcassets */; };
		5A3AAA742AEDEAC6004A15BC /* Preview Assets.xcassets in Resources */ = {isa = PBXBuildFile; fileRef = 5A3AAA732AEDEAC6004A15BC /* Preview Assets.xcassets */; };
		5A3AAA762AEDEAC6004A15BC /* Persistence.swift in Sources */ = {isa = PBXBuildFile; fileRef = 5A3AAA752AEDEAC6004A15BC /* Persistence.swift */; };
		5A3AAA792AEDEAC6004A15BC /* Internet_Archive_Player_tvOS.xcdatamodeld in Sources */ = {isa = PBXBuildFile; fileRef = 5A3AAA772AEDEAC6004A15BC /* Internet_Archive_Player_tvOS.xcdatamodeld */; };
		5A3AAA802AEDFC47004A15BC /* TVSearchView.swift in Sources */ = {isa = PBXBuildFile; fileRef = 5A3AAA7F2AEDFC47004A15BC /* TVSearchView.swift */; };
		5A3AAA822AEDFEAF004A15BC /* PlayerArchiveService.swift in Sources */ = {isa = PBXBuildFile; fileRef = CE1ACD512812FA8B00EF968A /* PlayerArchiveService.swift */; };
		5A3AAA842AEDFF36004A15BC /* iaAPI in Frameworks */ = {isa = PBXBuildFile; productRef = 5A3AAA832AEDFF36004A15BC /* iaAPI */; };
		5A3AAA862AEDFFB0004A15BC /* TVDetail.swift in Sources */ = {isa = PBXBuildFile; fileRef = 5A3AAA852AEDFFB0004A15BC /* TVDetail.swift */; };
		5A3AAA872AEE0922004A15BC /* IAMediaUtils.swift in Sources */ = {isa = PBXBuildFile; fileRef = 5ADED06A279B603700FB2E6D /* IAMediaUtils.swift */; };
		5A3AAA8C2AEE0AF3004A15BC /* ArchiveFile+Extensions.swift in Sources */ = {isa = PBXBuildFile; fileRef = 5A3AAA8B2AEE0AF3004A15BC /* ArchiveFile+Extensions.swift */; };
		5A3AAA8D2AEE1622004A15BC /* AttString+Extension.swift in Sources */ = {isa = PBXBuildFile; fileRef = 5A4F2D5A2A53227C00DCDF95 /* AttString+Extension.swift */; };
		5A4151B827B0FDF8007A3623 /* IAReachability.swift in Sources */ = {isa = PBXBuildFile; fileRef = 5A4151B727B0FDF8007A3623 /* IAReachability.swift */; };
		5A4151BA27B0FEAA007A3623 /* Player.swift in Sources */ = {isa = PBXBuildFile; fileRef = 5A4151B927B0FEAA007A3623 /* Player.swift */; };
		5A4151BD27B3645E007A3623 /* Inject.swift in Sources */ = {isa = PBXBuildFile; fileRef = 5A4151BC27B3645E007A3623 /* Inject.swift */; };
		5A4151BF27B364B4007A3623 /* ServiceContainer.swift in Sources */ = {isa = PBXBuildFile; fileRef = 5A4151BE27B364B4007A3623 /* ServiceContainer.swift */; };
		5A4F2D592A50781D00DCDF95 /* UIImageView+Extension.swift in Sources */ = {isa = PBXBuildFile; fileRef = 5A4F2D582A50781D00DCDF95 /* UIImageView+Extension.swift */; };
		5A4F2D5B2A53227C00DCDF95 /* AttString+Extension.swift in Sources */ = {isa = PBXBuildFile; fileRef = 5A4F2D5A2A53227C00DCDF95 /* AttString+Extension.swift */; };
		5A4F2D5D2A5322B900DCDF95 /* ArchiveMetaData+Extension.swift in Sources */ = {isa = PBXBuildFile; fileRef = 5A4F2D5C2A5322B900DCDF95 /* ArchiveMetaData+Extension.swift */; };
		5A5310D12EF79581002C6F5D /* SearchFiltersViewModel.swift in Sources */ = {isa = PBXBuildFile; fileRef = 5AD7C43E2EF7953E00BBBA1D /* SearchFiltersViewModel.swift */; };
		5A5310D32EF88A2C002C6F5D /* PlayerSafeAreaModifier.swift in Sources */ = {isa = PBXBuildFile; fileRef = 5A5310D22EF88A2C002C6F5D /* PlayerSafeAreaModifier.swift */; };
		5A5310D52EF88B25002C6F5D /* PLAYER_HEIGHT_REFACTOR.md in Resources */ = {isa = PBXBuildFile; fileRef = 5A5310D42EF88B25002C6F5D /* PLAYER_HEIGHT_REFACTOR.md */; };
		5A5310D72EF8AE3C002C6F5D /* DetailIndividualPlayer.swift in Sources */ = {isa = PBXBuildFile; fileRef = 5A5310D62EF8AE3C002C6F5D /* DetailIndividualPlayer.swift */; };
		5A576F822D0E432D0065647C /* ReflectiveGradientView.swift in Sources */ = {isa = PBXBuildFile; fileRef = 5A576F812D0E43270065647C /* ReflectiveGradientView.swift */; };
		5A600D4B2EF0F4AF00F7DCE8 /* CollectionFilterCache.swift in Sources */ = {isa = PBXBuildFile; fileRef = 5A600D4A2EF0F4AF00F7DCE8 /* CollectionFilterCache.swift */; };
		5A600D4E2EF0F9DB00F7DCE8 /* DetailDescription_tvOS.swift in Sources */ = {isa = PBXBuildFile; fileRef = 5A600D4C2EF0F96C00F7DCE8 /* DetailDescription_tvOS.swift */; };
		5A6D68A32EEB895200301357 /* SearchItemDisplayable.swift in Sources */ = {isa = PBXBuildFile; fileRef = 5A6D68A22EEB895200301357 /* SearchItemDisplayable.swift */; };
		5A71893F280B721400B1944B /* NavigationBarModifier.swift in Sources */ = {isa = PBXBuildFile; fileRef = 5A71893E280B721400B1944B /* NavigationBarModifier.swift */; };
		5A9DCF932AA6647600F6EFDB /* OtherPlaylist.swift in Sources */ = {isa = PBXBuildFile; fileRef = 5A9DCF922AA6647600F6EFDB /* OtherPlaylist.swift */; };
		5A9DCF952AA6796E00F6EFDB /* SingleListView.swift in Sources */ = {isa = PBXBuildFile; fileRef = 5A9DCF942AA6796E00F6EFDB /* SingleListView.swift */; };
		5AA391A52A4F4C8A00C65A48 /* Home.swift in Sources */ = {isa = PBXBuildFile; fileRef = 5AA391A42A4F4C8A00C65A48 /* Home.swift */; };
		5AA73BF02EEF51730047B904 /* HistoryDrawerView.swift in Sources */ = {isa = PBXBuildFile; fileRef = 5AA73BEF2EEF50940047B904 /* HistoryDrawerView.swift */; };
		5ABAAAC52EF8BEA0004C1AD7 /* PlaylistDrawer.swift in Sources */ = {isa = PBXBuildFile; fileRef = 5ABAAAC42EF8BEA0004C1AD7 /* PlaylistDrawer.swift */; };
		5ABF75692AAFC4D8001B158B /* ci_post_xcodebuild.sh in Resources */ = {isa = PBXBuildFile; fileRef = 5ABF75682AAFC4D7001B158B /* ci_post_xcodebuild.sh */; };
		5AC10D5B281C988C00119C4E /* InternetArchivePlayer.xcdatamodeld in Sources */ = {isa = PBXBuildFile; fileRef = 5AC10D59281C988C00119C4E /* InternetArchivePlayer.xcdatamodeld */; };
		5AC10D5D281C98B200119C4E /* Persistence.swift in Sources */ = {isa = PBXBuildFile; fileRef = 5AC10D5C281C98B200119C4E /* Persistence.swift */; };
		5AC4FE5F2EF31C4900FE8ABD /* ArchiveMetaData+ArchiveMetaDataEntity.swift in Sources */ = {isa = PBXBuildFile; fileRef = 5AC8A6B02EEB675E00D962B9 /* ArchiveMetaData+ArchiveMetaDataEntity.swift */; };
		5AC5B2B2281C9F9600CDE937 /* ArchiveFile+ArchiveFileEntity.swift in Sources */ = {isa = PBXBuildFile; fileRef = 5AC5B2B1281C9F9600CDE937 /* ArchiveFile+ArchiveFileEntity.swift */; };
		5AC5B2B4281CA4B000CDE937 /* EntityFileView.swift in Sources */ = {isa = PBXBuildFile; fileRef = 5AC5B2B3281CA4B000CDE937 /* EntityFileView.swift */; };
		5AC5DBA4281F7C36004D64DB /* PlaylistEntity+Extension.swift in Sources */ = {isa = PBXBuildFile; fileRef = 5AC5DBA3281F7C36004D64DB /* PlaylistEntity+Extension.swift */; };
		5AC8A6B92EEB737200D962B9 /* ArchiveMetaData+ArchiveMetaDataEntity.swift in Sources */ = {isa = PBXBuildFile; fileRef = 5AC8A6B02EEB675E00D962B9 /* ArchiveMetaData+ArchiveMetaDataEntity.swift */; };
		5AC8A6BB2EEB737A00D962B9 /* FavoriteArchivesView.swift in Sources */ = {isa = PBXBuildFile; fileRef = 5AC8A6B12EEB67F100D962B9 /* FavoriteArchivesView.swift */; };
		5AC8A6BF2EEB739B00D962B9 /* ArchiveMetaDataEntity+CoreDataClass.swift in Sources */ = {isa = PBXBuildFile; fileRef = 5AC8A6B72EEB712C00D962B9 /* ArchiveMetaDataEntity+CoreDataClass.swift */; };
		5AC8A6C02EEB739B00D962B9 /* ArchiveMetaDataEntity+CoreDataClass.swift in Sources */ = {isa = PBXBuildFile; fileRef = 5AC8A6B72EEB712C00D962B9 /* ArchiveMetaDataEntity+CoreDataClass.swift */; };
		5AC8A6C12EEB73A400D962B9 /* ArchiveMetaDataEntity+CoreDataProperties.swift in Sources */ = {isa = PBXBuildFile; fileRef = 5AC8A6B82EEB713300D962B9 /* ArchiveMetaDataEntity+CoreDataProperties.swift */; };
		5AC8A6C22EEB73A400D962B9 /* ArchiveMetaDataEntity+CoreDataProperties.swift in Sources */ = {isa = PBXBuildFile; fileRef = 5AC8A6B82EEB713300D962B9 /* ArchiveMetaDataEntity+CoreDataProperties.swift */; };
		5AD216F22AA5770300325087 /* ListsView.swift in Sources */ = {isa = PBXBuildFile; fileRef = 5AD216F12AA5770300325087 /* ListsView.swift */; };
		5AD216F42AA5862B00325087 /* NewPlaylist.swift in Sources */ = {isa = PBXBuildFile; fileRef = 5AD216F32AA5862B00325087 /* NewPlaylist.swift */; };
		5AD5DAF72AB92FAF00EDB749 /* EntityFileCardView.swift in Sources */ = {isa = PBXBuildFile; fileRef = 5AD5DAF62AB92FAF00EDB749 /* EntityFileCardView.swift */; };
		5AD5DAF92AB93C8100EDB749 /* View+Extensions.swift in Sources */ = {isa = PBXBuildFile; fileRef = 5AD5DAF82AB93C8100EDB749 /* View+Extensions.swift */; };
		5AD6BC52279CCB7000495070 /* PlayerControls.swift in Sources */ = {isa = PBXBuildFile; fileRef = 5AD6BC51279CCB7000495070 /* PlayerControls.swift */; };
		5AD6BC54279CCED100495070 /* PlayerButton.swift in Sources */ = {isa = PBXBuildFile; fileRef = 5AD6BC53279CCED100495070 /* PlayerButton.swift */; };
		5AD6BC56279CDE2100495070 /* AirPlayButton.swift in Sources */ = {isa = PBXBuildFile; fileRef = 5AD6BC55279CDE2100495070 /* AirPlayButton.swift */; };
		5AD6BC58279CF31400495070 /* NowPlaying.swift in Sources */ = {isa = PBXBuildFile; fileRef = 5AD6BC57279CF31400495070 /* NowPlaying.swift */; };
		5AD7C4372EF7911500BBBA1D /* CollectionFilterCache.swift in Sources */ = {isa = PBXBuildFile; fileRef = 5A600D4A2EF0F4AF00F7DCE8 /* CollectionFilterCache.swift */; };
		5AD7C4392EF7916300BBBA1D /* SearchFilter.swift in Sources */ = {isa = PBXBuildFile; fileRef = 5AD7C4382EF7916300BBBA1D /* SearchFilter.swift */; };
		5AD7C43B2EF791EB00BBBA1D /* SearchFilter.swift in Sources */ = {isa = PBXBuildFile; fileRef = 5AD7C4382EF7916300BBBA1D /* SearchFilter.swift */; };
		5AD7C43D2EF7944800BBBA1D /* SearchFilters_tvOS.swift in Sources */ = {isa = PBXBuildFile; fileRef = 5AD7C43C2EF7944800BBBA1D /* SearchFilters_tvOS.swift */; };
		5AD7C43F2EF7953E00BBBA1D /* SearchFiltersViewModel.swift in Sources */ = {isa = PBXBuildFile; fileRef = 5AD7C43E2EF7953E00BBBA1D /* SearchFiltersViewModel.swift */; };
		5ADA9D832CE9802D00A18ED6 /* WebView.swift in Sources */ = {isa = PBXBuildFile; fileRef = 5ADA9D822CE9802300A18ED6 /* WebView.swift */; };
		5ADB8AD02AEF23DC0034B93B /* ArchiveMetaData+Extension.swift in Sources */ = {isa = PBXBuildFile; fileRef = 5A4F2D5C2A5322B900DCDF95 /* ArchiveMetaData+Extension.swift */; };
		5ADED039279B56EE00FB2E6D /* Internet_Archive_PlayerApp.swift in Sources */ = {isa = PBXBuildFile; fileRef = 5ADED038279B56EE00FB2E6D /* Internet_Archive_PlayerApp.swift */; };
		5ADED03D279B56F000FB2E6D /* Assets.xcassets in Resources */ = {isa = PBXBuildFile; fileRef = 5ADED03C279B56F000FB2E6D /* Assets.xcassets */; };
		5ADED040279B56F000FB2E6D /* Preview Assets.xcassets in Resources */ = {isa = PBXBuildFile; fileRef = 5ADED03F279B56F000FB2E6D /* Preview Assets.xcassets */; };
		5ADED04A279B56F000FB2E6D /* Internet_Archive_PlayerTests.swift in Sources */ = {isa = PBXBuildFile; fileRef = 5ADED049279B56F000FB2E6D /* Internet_Archive_PlayerTests.swift */; };
		5ADED054279B56F000FB2E6D /* Internet_Archive_PlayerUITests.swift in Sources */ = {isa = PBXBuildFile; fileRef = 5ADED053279B56F000FB2E6D /* Internet_Archive_PlayerUITests.swift */; };
		5ADED056279B56F000FB2E6D /* Internet_Archive_PlayerUITestsLaunchTests.swift in Sources */ = {isa = PBXBuildFile; fileRef = 5ADED055279B56F000FB2E6D /* Internet_Archive_PlayerUITestsLaunchTests.swift */; };
		5ADED065279B58CB00FB2E6D /* SearchView.swift in Sources */ = {isa = PBXBuildFile; fileRef = 5ADED064279B58CB00FB2E6D /* SearchView.swift */; };
		5ADED06D279B608F00FB2E6D /* Iconochive-Regular.ttf in Resources */ = {isa = PBXBuildFile; fileRef = 5ADED06C279B608F00FB2E6D /* Iconochive-Regular.ttf */; };
		5ADED06E279B60F500FB2E6D /* IAMediaUtils.swift in Sources */ = {isa = PBXBuildFile; fileRef = 5ADED06A279B603700FB2E6D /* IAMediaUtils.swift */; };
		5ADED071279B63C300FB2E6D /* BackgroundColorModifier.swift in Sources */ = {isa = PBXBuildFile; fileRef = 5ADED070279B63C300FB2E6D /* BackgroundColorModifier.swift */; };
		5AE69CD22A846DBE0062CC5D /* DetailDescription.swift in Sources */ = {isa = PBXBuildFile; fileRef = 5AE69CD12A846DBE0062CC5D /* DetailDescription.swift */; };
		5AEEA0A02EF8EECF008243DA /* Browse.swift in Sources */ = {isa = PBXBuildFile; fileRef = 5AEEA09F2EF8EEC9008243DA /* Browse.swift */; };
		5AEEA0A22EF8F2B9008243DA /* ArchiveErrorOverlay.swift in Sources */ = {isa = PBXBuildFile; fileRef = 5AEEA0A12EF8F2B9008243DA /* ArchiveErrorOverlay.swift */; };
		5AEEA0A42EF8F2C1008243DA /* ArchiveErrorManager.swift in Sources */ = {isa = PBXBuildFile; fileRef = 5AEEA0A32EF8F2C1008243DA /* ArchiveErrorManager.swift */; };
		5AEEA0A62EF8F31D008243DA /* ARCHIVE_ERROR_OVERLAY_GUIDE.md in Resources */ = {isa = PBXBuildFile; fileRef = 5AEEA0A52EF8F31D008243DA /* ARCHIVE_ERROR_OVERLAY_GUIDE.md */; };
		5AEEA0A82EF8F341008243DA /* ARCHIVE_ERROR_ARCHITECTURE.md in Resources */ = {isa = PBXBuildFile; fileRef = 5AEEA0A72EF8F341008243DA /* ARCHIVE_ERROR_ARCHITECTURE.md */; };
		5AEEA0AB2EF8F807008243DA /* AVPLAYER_ERROR_HANDLING.md in Resources */ = {isa = PBXBuildFile; fileRef = 5AEEA0AA2EF8F807008243DA /* AVPLAYER_ERROR_HANDLING.md */; };
		5AEEA0AD2EF8FB90008243DA /* CANCELLATION_ERROR_HANDLING.md in Resources */ = {isa = PBXBuildFile; fileRef = 5AEEA0AC2EF8FB90008243DA /* CANCELLATION_ERROR_HANDLING.md */; };
		5AEEA0AE2EF8FB90008243DA /* CANCELLATION_ERROR_HANDLING.md in Resources */ = {isa = PBXBuildFile; fileRef = 5AEEA0AC2EF8FB90008243DA /* CANCELLATION_ERROR_HANDLING.md */; };
		5AEEA0AF2EF8FCAE008243DA /* ArchiveErrorOverlay.swift in Sources */ = {isa = PBXBuildFile; fileRef = 5AEEA0A12EF8F2B9008243DA /* ArchiveErrorOverlay.swift */; };
		5AEEA0B02EF8FCAE008243DA /* ArchiveErrorManager.swift in Sources */ = {isa = PBXBuildFile; fileRef = 5AEEA0A32EF8F2C1008243DA /* ArchiveErrorManager.swift */; };
		5AFD76042AAD06D200987D4E /* SearchFilters.swift in Sources */ = {isa = PBXBuildFile; fileRef = 5AFD76032AAD06D200987D4E /* SearchFilters.swift */; };
		5AFD76062AAD330F00987D4E /* DraggableModifier.swift in Sources */ = {isa = PBXBuildFile; fileRef = 5AFD76052AAD330F00987D4E /* DraggableModifier.swift */; };
		5AFD76082AAD35FD00987D4E /* ViewExtensions.swift in Sources */ = {isa = PBXBuildFile; fileRef = 5AFD76072AAD35FD00987D4E /* ViewExtensions.swift */; };
		5AFEC5072A99880800E0BFD3 /* NewFavoritesView.swift in Sources */ = {isa = PBXBuildFile; fileRef = 5AFEC5062A99880800E0BFD3 /* NewFavoritesView.swift */; };
		CE16141B279E9EE900ED0055 /* Detail.swift in Sources */ = {isa = PBXBuildFile; fileRef = CE16141A279E9EE900ED0055 /* Detail.swift */; };
		CE1ACD522812FA8B00EF968A /* PlayerArchiveService.swift in Sources */ = {isa = PBXBuildFile; fileRef = CE1ACD512812FA8B00EF968A /* PlayerArchiveService.swift */; };
		CEF72C9A27B5D72600B8AF15 /* FileView.swift in Sources */ = {isa = PBXBuildFile; fileRef = CEF72C9927B5D72600B8AF15 /* FileView.swift */; };
/* End PBXBuildFile section */

/* Begin PBXContainerItemProxy section */
		5ADED046279B56F000FB2E6D /* PBXContainerItemProxy */ = {
			isa = PBXContainerItemProxy;
			containerPortal = 5ADED02D279B56EE00FB2E6D /* Project object */;
			proxyType = 1;
			remoteGlobalIDString = 5ADED034279B56EE00FB2E6D;
			remoteInfo = "Internet Archive Player";
		};
		5ADED050279B56F000FB2E6D /* PBXContainerItemProxy */ = {
			isa = PBXContainerItemProxy;
			containerPortal = 5ADED02D279B56EE00FB2E6D /* Project object */;
			proxyType = 1;
			remoteGlobalIDString = 5ADED034279B56EE00FB2E6D;
			remoteInfo = "Internet Archive Player";
		};
/* End PBXContainerItemProxy section */

/* Begin PBXFileReference section */
		5A012CAD282B54C800785420 /* Downloader.swift */ = {isa = PBXFileReference; lastKnownFileType = sourcecode.swift; path = Downloader.swift; sourceTree = "<group>"; };
		5A05643C2EF35D5A0000D71D /* FlowingCollectionsView.swift */ = {isa = PBXFileReference; lastKnownFileType = sourcecode.swift; path = FlowingCollectionsView.swift; sourceTree = "<group>"; };
		5A05643E2EF35D5A0000D71D /* FlowLayout.swift */ = {isa = PBXFileReference; lastKnownFileType = sourcecode.swift; path = FlowLayout.swift; sourceTree = "<group>"; };
		5A0564402EF35D5A0000D71D /* VideoPlayerWithPlaceholder.swift */ = {isa = PBXFileReference; lastKnownFileType = sourcecode.swift; path = VideoPlayerWithPlaceholder.swift; sourceTree = "<group>"; };
		5A0564422EF35D5A0000D71D /* AudioPlayerView.swift */ = {isa = PBXFileReference; lastKnownFileType = sourcecode.swift; path = AudioPlayerView.swift; sourceTree = "<group>"; };
		5A0E15172EF1EB4D000A80D2 /* CachedAsyncImage.swift */ = {isa = PBXFileReference; lastKnownFileType = sourcecode.swift; path = CachedAsyncImage.swift; sourceTree = "<group>"; };
		5A0E15192EF204AC000A80D2 /* ArchiveFileDisplayable.swift */ = {isa = PBXFileReference; lastKnownFileType = sourcecode.swift; path = ArchiveFileDisplayable.swift; sourceTree = "<group>"; };
		5A0E151C2EF207F2000A80D2 /* HistoryArchiveFileEntity+CoreDataClass.swift */ = {isa = PBXFileReference; lastKnownFileType = sourcecode.swift; path = "HistoryArchiveFileEntity+CoreDataClass.swift"; sourceTree = "<group>"; };
		5A0E151F2EF207F2000A80D2 /* HistoryArchiveFileEntity+CoreDataProperties.swift */ = {isa = PBXFileReference; lastKnownFileType = sourcecode.swift; path = "HistoryArchiveFileEntity+CoreDataProperties.swift"; sourceTree = "<group>"; };
		5A0E15222EF207F8000A80D2 /* HistoryArchiveFileEntity+Extensions.swift */ = {isa = PBXFileReference; lastKnownFileType = sourcecode.swift; path = "HistoryArchiveFileEntity+Extensions.swift"; sourceTree = "<group>"; };
		5A1CB7122EEFDED900B8D664 /* FavoriteArchiveItemView.swift */ = {isa = PBXFileReference; fileEncoding = 4; lastKnownFileType = sourcecode.swift; name = FavoriteArchiveItemView.swift; path = "Internet Archive Player/Screens/Saved Archives/FavoriteArchiveItemView.swift"; sourceTree = SOURCE_ROOT; };
		5A2FACD227A10FB200D02945 /* SearchItemView.swift */ = {isa = PBXFileReference; lastKnownFileType = sourcecode.swift; path = SearchItemView.swift; sourceTree = "<group>"; };
		5A33A43E2A59CC520010C6FA /* DetailViewModel.swift */ = {isa = PBXFileReference; lastKnownFileType = sourcecode.swift; path = DetailViewModel.swift; sourceTree = "<group>"; };
		5A35A6D82ABBC34000A127D6 /* ViewBuilders.swift */ = {isa = PBXFileReference; lastKnownFileType = sourcecode.swift; path = ViewBuilders.swift; sourceTree = "<group>"; };
		5A35A6DB2ABBE8A800A127D6 /* DebugView.swift */ = {isa = PBXFileReference; lastKnownFileType = sourcecode.swift; path = DebugView.swift; sourceTree = "<group>"; };
		5A3AAA6A2AEDEAC6004A15BC /* Internet Archive Player tvOS.app */ = {isa = PBXFileReference; explicitFileType = wrapper.application; includeInIndex = 0; path = "Internet Archive Player tvOS.app"; sourceTree = BUILT_PRODUCTS_DIR; };
		5A3AAA6C2AEDEAC6004A15BC /* Internet_Archive_Player_tvOSApp.swift */ = {isa = PBXFileReference; lastKnownFileType = sourcecode.swift; path = Internet_Archive_Player_tvOSApp.swift; sourceTree = "<group>"; };
		5A3AAA6E2AEDEAC6004A15BC /* ContentView.swift */ = {isa = PBXFileReference; lastKnownFileType = sourcecode.swift; path = ContentView.swift; sourceTree = "<group>"; };
		5A3AAA702AEDEAC6004A15BC /* Assets.xcassets */ = {isa = PBXFileReference; lastKnownFileType = folder.assetcatalog; path = Assets.xcassets; sourceTree = "<group>"; };
		5A3AAA732AEDEAC6004A15BC /* Preview Assets.xcassets */ = {isa = PBXFileReference; lastKnownFileType = folder.assetcatalog; path = "Preview Assets.xcassets"; sourceTree = "<group>"; };
		5A3AAA752AEDEAC6004A15BC /* Persistence.swift */ = {isa = PBXFileReference; lastKnownFileType = sourcecode.swift; path = Persistence.swift; sourceTree = "<group>"; };
		5A3AAA782AEDEAC6004A15BC /* Internet_Archive_Player_tvOS.xcdatamodel */ = {isa = PBXFileReference; lastKnownFileType = wrapper.xcdatamodel; path = Internet_Archive_Player_tvOS.xcdatamodel; sourceTree = "<group>"; };
		5A3AAA7A2AEDEAC6004A15BC /* Internet_Archive_Player_tvOS.entitlements */ = {isa = PBXFileReference; lastKnownFileType = text.plist.entitlements; path = Internet_Archive_Player_tvOS.entitlements; sourceTree = "<group>"; };
		5A3AAA7B2AEDEAC6004A15BC /* Info.plist */ = {isa = PBXFileReference; lastKnownFileType = text.plist.xml; path = Info.plist; sourceTree = "<group>"; };
		5A3AAA7F2AEDFC47004A15BC /* TVSearchView.swift */ = {isa = PBXFileReference; lastKnownFileType = sourcecode.swift; path = TVSearchView.swift; sourceTree = "<group>"; };
		5A3AAA852AEDFFB0004A15BC /* TVDetail.swift */ = {isa = PBXFileReference; lastKnownFileType = sourcecode.swift; path = TVDetail.swift; sourceTree = "<group>"; };
		5A3AAA8B2AEE0AF3004A15BC /* ArchiveFile+Extensions.swift */ = {isa = PBXFileReference; lastKnownFileType = sourcecode.swift; path = "ArchiveFile+Extensions.swift"; sourceTree = "<group>"; };
		5A4151B727B0FDF8007A3623 /* IAReachability.swift */ = {isa = PBXFileReference; lastKnownFileType = sourcecode.swift; path = IAReachability.swift; sourceTree = "<group>"; };
		5A4151B927B0FEAA007A3623 /* Player.swift */ = {isa = PBXFileReference; lastKnownFileType = sourcecode.swift; path = Player.swift; sourceTree = "<group>"; };
		5A4151BC27B3645E007A3623 /* Inject.swift */ = {isa = PBXFileReference; lastKnownFileType = sourcecode.swift; path = Inject.swift; sourceTree = "<group>"; };
		5A4151BE27B364B4007A3623 /* ServiceContainer.swift */ = {isa = PBXFileReference; lastKnownFileType = sourcecode.swift; path = ServiceContainer.swift; sourceTree = "<group>"; };
		5A4F2D582A50781D00DCDF95 /* UIImageView+Extension.swift */ = {isa = PBXFileReference; lastKnownFileType = sourcecode.swift; path = "UIImageView+Extension.swift"; sourceTree = "<group>"; };
		5A4F2D5A2A53227C00DCDF95 /* AttString+Extension.swift */ = {isa = PBXFileReference; lastKnownFileType = sourcecode.swift; path = "AttString+Extension.swift"; sourceTree = "<group>"; };
		5A4F2D5C2A5322B900DCDF95 /* ArchiveMetaData+Extension.swift */ = {isa = PBXFileReference; lastKnownFileType = sourcecode.swift; path = "ArchiveMetaData+Extension.swift"; sourceTree = "<group>"; };
		5A5310D22EF88A2C002C6F5D /* PlayerSafeAreaModifier.swift */ = {isa = PBXFileReference; lastKnownFileType = sourcecode.swift; path = PlayerSafeAreaModifier.swift; sourceTree = "<group>"; };
		5A5310D42EF88B25002C6F5D /* PLAYER_HEIGHT_REFACTOR.md */ = {isa = PBXFileReference; lastKnownFileType = net.daringfireball.markdown; path = PLAYER_HEIGHT_REFACTOR.md; sourceTree = "<group>"; };
		5A5310D62EF8AE3C002C6F5D /* DetailIndividualPlayer.swift */ = {isa = PBXFileReference; lastKnownFileType = sourcecode.swift; path = DetailIndividualPlayer.swift; sourceTree = "<group>"; };
		5A576F812D0E43270065647C /* ReflectiveGradientView.swift */ = {isa = PBXFileReference; lastKnownFileType = sourcecode.swift; path = ReflectiveGradientView.swift; sourceTree = "<group>"; };
		5A600D4A2EF0F4AF00F7DCE8 /* CollectionFilterCache.swift */ = {isa = PBXFileReference; lastKnownFileType = sourcecode.swift; path = CollectionFilterCache.swift; sourceTree = "<group>"; };
		5A600D4C2EF0F96C00F7DCE8 /* DetailDescription_tvOS.swift */ = {isa = PBXFileReference; lastKnownFileType = sourcecode.swift; path = DetailDescription_tvOS.swift; sourceTree = "<group>"; };
		5A6D68A22EEB895200301357 /* SearchItemDisplayable.swift */ = {isa = PBXFileReference; lastKnownFileType = sourcecode.swift; path = SearchItemDisplayable.swift; sourceTree = "<group>"; };
		5A71893E280B721400B1944B /* NavigationBarModifier.swift */ = {isa = PBXFileReference; lastKnownFileType = sourcecode.swift; path = NavigationBarModifier.swift; sourceTree = "<group>"; };
		5A9DCF922AA6647600F6EFDB /* OtherPlaylist.swift */ = {isa = PBXFileReference; lastKnownFileType = sourcecode.swift; path = OtherPlaylist.swift; sourceTree = "<group>"; };
		5A9DCF942AA6796E00F6EFDB /* SingleListView.swift */ = {isa = PBXFileReference; lastKnownFileType = sourcecode.swift; path = SingleListView.swift; sourceTree = "<group>"; };
		5AA391A42A4F4C8A00C65A48 /* Home.swift */ = {isa = PBXFileReference; lastKnownFileType = sourcecode.swift; path = Home.swift; sourceTree = "<group>"; };
		5AA73BEF2EEF50940047B904 /* HistoryDrawerView.swift */ = {isa = PBXFileReference; lastKnownFileType = sourcecode.swift; path = HistoryDrawerView.swift; sourceTree = "<group>"; };
		5AAF285727B9C83D00ED2B30 /* Internet-Archive-Player-Info.plist */ = {isa = PBXFileReference; lastKnownFileType = text.plist; path = "Internet-Archive-Player-Info.plist"; sourceTree = SOURCE_ROOT; };
		5AAF2F952AB4F37C00886641 /* ci_post_clone.sh */ = {isa = PBXFileReference; lastKnownFileType = text.script.sh; path = ci_post_clone.sh; sourceTree = "<group>"; };
		5ABAAAC42EF8BEA0004C1AD7 /* PlaylistDrawer.swift */ = {isa = PBXFileReference; lastKnownFileType = sourcecode.swift; path = PlaylistDrawer.swift; sourceTree = "<group>"; };
		5ABF75682AAFC4D7001B158B /* ci_post_xcodebuild.sh */ = {isa = PBXFileReference; fileEncoding = 4; lastKnownFileType = text.script.sh; path = ci_post_xcodebuild.sh; sourceTree = "<group>"; };
		5AC10D5A281C988C00119C4E /* InternetArchivePlayer.xcdatamodel */ = {isa = PBXFileReference; lastKnownFileType = wrapper.xcdatamodel; path = InternetArchivePlayer.xcdatamodel; sourceTree = "<group>"; };
		5AC10D5C281C98B200119C4E /* Persistence.swift */ = {isa = PBXFileReference; fileEncoding = 4; lastKnownFileType = sourcecode.swift; path = Persistence.swift; sourceTree = "<group>"; };
		5AC10D5E281C98FC00119C4E /* InternetArchivePlayer 2.xcdatamodel */ = {isa = PBXFileReference; lastKnownFileType = wrapper.xcdatamodel; path = "InternetArchivePlayer 2.xcdatamodel"; sourceTree = "<group>"; };
		5AC5B2B1281C9F9600CDE937 /* ArchiveFile+ArchiveFileEntity.swift */ = {isa = PBXFileReference; lastKnownFileType = sourcecode.swift; path = "ArchiveFile+ArchiveFileEntity.swift"; sourceTree = "<group>"; };
		5AC5B2B3281CA4B000CDE937 /* EntityFileView.swift */ = {isa = PBXFileReference; fileEncoding = 4; lastKnownFileType = sourcecode.swift; path = EntityFileView.swift; sourceTree = "<group>"; };
		5AC5DBA3281F7C36004D64DB /* PlaylistEntity+Extension.swift */ = {isa = PBXFileReference; lastKnownFileType = sourcecode.swift; path = "PlaylistEntity+Extension.swift"; sourceTree = "<group>"; };
		5AC8A6B02EEB675E00D962B9 /* ArchiveMetaData+ArchiveMetaDataEntity.swift */ = {isa = PBXFileReference; lastKnownFileType = sourcecode.swift; path = "ArchiveMetaData+ArchiveMetaDataEntity.swift"; sourceTree = "<group>"; };
		5AC8A6B12EEB67F100D962B9 /* FavoriteArchivesView.swift */ = {isa = PBXFileReference; lastKnownFileType = sourcecode.swift; path = FavoriteArchivesView.swift; sourceTree = "<group>"; };
		5AC8A6B22EEB681300D962B9 /* FAVORITE_ARCHIVES_IMPLEMENTATION.md */ = {isa = PBXFileReference; lastKnownFileType = net.daringfireball.markdown; path = FAVORITE_ARCHIVES_IMPLEMENTATION.md; sourceTree = "<group>"; };
		5AC8A6B42EEB684300D962B9 /* ARCHITECTURE_DIAGRAM.md */ = {isa = PBXFileReference; lastKnownFileType = net.daringfireball.markdown; path = ARCHITECTURE_DIAGRAM.md; sourceTree = "<group>"; };
		5AC8A6B72EEB712C00D962B9 /* ArchiveMetaDataEntity+CoreDataClass.swift */ = {isa = PBXFileReference; lastKnownFileType = sourcecode.swift; path = "ArchiveMetaDataEntity+CoreDataClass.swift"; sourceTree = "<group>"; };
		5AC8A6B82EEB713300D962B9 /* ArchiveMetaDataEntity+CoreDataProperties.swift */ = {isa = PBXFileReference; lastKnownFileType = sourcecode.swift; path = "ArchiveMetaDataEntity+CoreDataProperties.swift"; sourceTree = "<group>"; };
		5AD216F12AA5770300325087 /* ListsView.swift */ = {isa = PBXFileReference; lastKnownFileType = sourcecode.swift; path = ListsView.swift; sourceTree = "<group>"; };
		5AD216F32AA5862B00325087 /* NewPlaylist.swift */ = {isa = PBXFileReference; lastKnownFileType = sourcecode.swift; path = NewPlaylist.swift; sourceTree = "<group>"; };
		5AD5DAF62AB92FAF00EDB749 /* EntityFileCardView.swift */ = {isa = PBXFileReference; fileEncoding = 4; lastKnownFileType = sourcecode.swift; path = EntityFileCardView.swift; sourceTree = "<group>"; };
		5AD5DAF82AB93C8100EDB749 /* View+Extensions.swift */ = {isa = PBXFileReference; lastKnownFileType = sourcecode.swift; path = "View+Extensions.swift"; sourceTree = "<group>"; };
		5AD6BC51279CCB7000495070 /* PlayerControls.swift */ = {isa = PBXFileReference; lastKnownFileType = sourcecode.swift; path = PlayerControls.swift; sourceTree = "<group>"; };
		5AD6BC53279CCED100495070 /* PlayerButton.swift */ = {isa = PBXFileReference; lastKnownFileType = sourcecode.swift; path = PlayerButton.swift; sourceTree = "<group>"; };
		5AD6BC55279CDE2100495070 /* AirPlayButton.swift */ = {isa = PBXFileReference; lastKnownFileType = sourcecode.swift; path = AirPlayButton.swift; sourceTree = "<group>"; };
		5AD6BC57279CF31400495070 /* NowPlaying.swift */ = {isa = PBXFileReference; lastKnownFileType = sourcecode.swift; path = NowPlaying.swift; sourceTree = "<group>"; };
		5AD7C4382EF7916300BBBA1D /* SearchFilter.swift */ = {isa = PBXFileReference; lastKnownFileType = sourcecode.swift; path = SearchFilter.swift; sourceTree = "<group>"; };
		5AD7C43C2EF7944800BBBA1D /* SearchFilters_tvOS.swift */ = {isa = PBXFileReference; lastKnownFileType = sourcecode.swift; path = SearchFilters_tvOS.swift; sourceTree = "<group>"; };
		5AD7C43E2EF7953E00BBBA1D /* SearchFiltersViewModel.swift */ = {isa = PBXFileReference; lastKnownFileType = sourcecode.swift; path = SearchFiltersViewModel.swift; sourceTree = "<group>"; };
		5ADA9D822CE9802300A18ED6 /* WebView.swift */ = {isa = PBXFileReference; lastKnownFileType = sourcecode.swift; path = WebView.swift; sourceTree = "<group>"; };
		5ADED035279B56EE00FB2E6D /* ia-player.app */ = {isa = PBXFileReference; explicitFileType = wrapper.application; includeInIndex = 0; path = "ia-player.app"; sourceTree = BUILT_PRODUCTS_DIR; };
		5ADED038279B56EE00FB2E6D /* Internet_Archive_PlayerApp.swift */ = {isa = PBXFileReference; lastKnownFileType = sourcecode.swift; path = Internet_Archive_PlayerApp.swift; sourceTree = "<group>"; };
		5ADED03C279B56F000FB2E6D /* Assets.xcassets */ = {isa = PBXFileReference; lastKnownFileType = folder.assetcatalog; path = Assets.xcassets; sourceTree = "<group>"; };
		5ADED03F279B56F000FB2E6D /* Preview Assets.xcassets */ = {isa = PBXFileReference; lastKnownFileType = folder.assetcatalog; path = "Preview Assets.xcassets"; sourceTree = "<group>"; };
		5ADED045279B56F000FB2E6D /* Internet Archive PlayerTests.xctest */ = {isa = PBXFileReference; explicitFileType = wrapper.cfbundle; includeInIndex = 0; path = "Internet Archive PlayerTests.xctest"; sourceTree = BUILT_PRODUCTS_DIR; };
		5ADED049279B56F000FB2E6D /* Internet_Archive_PlayerTests.swift */ = {isa = PBXFileReference; lastKnownFileType = sourcecode.swift; path = Internet_Archive_PlayerTests.swift; sourceTree = "<group>"; };
		5ADED04F279B56F000FB2E6D /* Internet Archive PlayerUITests.xctest */ = {isa = PBXFileReference; explicitFileType = wrapper.cfbundle; includeInIndex = 0; path = "Internet Archive PlayerUITests.xctest"; sourceTree = BUILT_PRODUCTS_DIR; };
		5ADED053279B56F000FB2E6D /* Internet_Archive_PlayerUITests.swift */ = {isa = PBXFileReference; lastKnownFileType = sourcecode.swift; path = Internet_Archive_PlayerUITests.swift; sourceTree = "<group>"; };
		5ADED055279B56F000FB2E6D /* Internet_Archive_PlayerUITestsLaunchTests.swift */ = {isa = PBXFileReference; lastKnownFileType = sourcecode.swift; path = Internet_Archive_PlayerUITestsLaunchTests.swift; sourceTree = "<group>"; };
		5ADED064279B58CB00FB2E6D /* SearchView.swift */ = {isa = PBXFileReference; lastKnownFileType = sourcecode.swift; path = SearchView.swift; sourceTree = "<group>"; };
		5ADED06A279B603700FB2E6D /* IAMediaUtils.swift */ = {isa = PBXFileReference; lastKnownFileType = sourcecode.swift; path = IAMediaUtils.swift; sourceTree = "<group>"; };
		5ADED06C279B608F00FB2E6D /* Iconochive-Regular.ttf */ = {isa = PBXFileReference; lastKnownFileType = file; path = "Iconochive-Regular.ttf"; sourceTree = "<group>"; };
		5ADED070279B63C300FB2E6D /* BackgroundColorModifier.swift */ = {isa = PBXFileReference; lastKnownFileType = sourcecode.swift; path = BackgroundColorModifier.swift; sourceTree = "<group>"; };
		5AE69CD12A846DBE0062CC5D /* DetailDescription.swift */ = {isa = PBXFileReference; lastKnownFileType = sourcecode.swift; path = DetailDescription.swift; sourceTree = "<group>"; };
		5AEEA09F2EF8EEC9008243DA /* Browse.swift */ = {isa = PBXFileReference; lastKnownFileType = sourcecode.swift; path = Browse.swift; sourceTree = "<group>"; };
		5AEEA0A12EF8F2B9008243DA /* ArchiveErrorOverlay.swift */ = {isa = PBXFileReference; lastKnownFileType = sourcecode.swift; path = ArchiveErrorOverlay.swift; sourceTree = "<group>"; };
		5AEEA0A32EF8F2C1008243DA /* ArchiveErrorManager.swift */ = {isa = PBXFileReference; lastKnownFileType = sourcecode.swift; path = ArchiveErrorManager.swift; sourceTree = "<group>"; };
		5AEEA0A52EF8F31D008243DA /* ARCHIVE_ERROR_OVERLAY_GUIDE.md */ = {isa = PBXFileReference; lastKnownFileType = net.daringfireball.markdown; path = ARCHIVE_ERROR_OVERLAY_GUIDE.md; sourceTree = "<group>"; };
		5AEEA0A72EF8F341008243DA /* ARCHIVE_ERROR_ARCHITECTURE.md */ = {isa = PBXFileReference; lastKnownFileType = net.daringfireball.markdown; path = ARCHIVE_ERROR_ARCHITECTURE.md; sourceTree = "<group>"; };
		5AEEA0AA2EF8F807008243DA /* AVPLAYER_ERROR_HANDLING.md */ = {isa = PBXFileReference; lastKnownFileType = net.daringfireball.markdown; path = AVPLAYER_ERROR_HANDLING.md; sourceTree = "<group>"; };
		5AEEA0AC2EF8FB90008243DA /* CANCELLATION_ERROR_HANDLING.md */ = {isa = PBXFileReference; lastKnownFileType = net.daringfireball.markdown; path = CANCELLATION_ERROR_HANDLING.md; sourceTree = "<group>"; };
		5AFD76032AAD06D200987D4E /* SearchFilters.swift */ = {isa = PBXFileReference; lastKnownFileType = sourcecode.swift; path = SearchFilters.swift; sourceTree = "<group>"; };
		5AFD76052AAD330F00987D4E /* DraggableModifier.swift */ = {isa = PBXFileReference; lastKnownFileType = sourcecode.swift; path = DraggableModifier.swift; sourceTree = "<group>"; };
		5AFD76072AAD35FD00987D4E /* ViewExtensions.swift */ = {isa = PBXFileReference; lastKnownFileType = sourcecode.swift; path = ViewExtensions.swift; sourceTree = "<group>"; };
		5AFEC5062A99880800E0BFD3 /* NewFavoritesView.swift */ = {isa = PBXFileReference; fileEncoding = 4; lastKnownFileType = sourcecode.swift; path = NewFavoritesView.swift; sourceTree = "<group>"; };
		CE16141A279E9EE900ED0055 /* Detail.swift */ = {isa = PBXFileReference; lastKnownFileType = sourcecode.swift; path = Detail.swift; sourceTree = "<group>"; };
		CE1ACD512812FA8B00EF968A /* PlayerArchiveService.swift */ = {isa = PBXFileReference; lastKnownFileType = sourcecode.swift; path = PlayerArchiveService.swift; sourceTree = "<group>"; };
		CEF72C9927B5D72600B8AF15 /* FileView.swift */ = {isa = PBXFileReference; lastKnownFileType = sourcecode.swift; path = FileView.swift; sourceTree = "<group>"; };
/* End PBXFileReference section */

/* Begin PBXFrameworksBuildPhase section */
		5A3AAA672AEDEAC6004A15BC /* Frameworks */ = {
			isa = PBXFrameworksBuildPhase;
			buildActionMask = 2147483647;
			files = (
				5A3AAA842AEDFF36004A15BC /* iaAPI in Frameworks */,
			);
			runOnlyForDeploymentPostprocessing = 0;
		};
		5ADED032279B56EE00FB2E6D /* Frameworks */ = {
			isa = PBXFrameworksBuildPhase;
			buildActionMask = 2147483647;
			files = (
				5A305F522807BF5E00735FAA /* iaAPI in Frameworks */,
			);
			runOnlyForDeploymentPostprocessing = 0;
		};
		5ADED042279B56F000FB2E6D /* Frameworks */ = {
			isa = PBXFrameworksBuildPhase;
			buildActionMask = 2147483647;
			files = (
			);
			runOnlyForDeploymentPostprocessing = 0;
		};
		5ADED04C279B56F000FB2E6D /* Frameworks */ = {
			isa = PBXFrameworksBuildPhase;
			buildActionMask = 2147483647;
			files = (
			);
			runOnlyForDeploymentPostprocessing = 0;
		};
/* End PBXFrameworksBuildPhase section */

/* Begin PBXGroup section */
		5A012CAC282B54B900785420 /* Downloader */ = {
			isa = PBXGroup;
			children = (
				5A012CAD282B54C800785420 /* Downloader.swift */,
			);
			path = Downloader;
			sourceTree = "<group>";
		};
		5A0564442EF35DF90000D71D /* TVDetaill Subviews */ = {
			isa = PBXGroup;
			children = (
				5A05643C2EF35D5A0000D71D /* FlowingCollectionsView.swift */,
				5A05643E2EF35D5A0000D71D /* FlowLayout.swift */,
				5A0564402EF35D5A0000D71D /* VideoPlayerWithPlaceholder.swift */,
				5A0564422EF35D5A0000D71D /* AudioPlayerView.swift */,
			);
			path = "TVDetaill Subviews";
			sourceTree = "<group>";
		};
		5A35A6DA2ABBE88B00A127D6 /* Debug */ = {
			isa = PBXGroup;
			children = (
				5A35A6DB2ABBE8A800A127D6 /* DebugView.swift */,
			);
			path = Debug;
			sourceTree = "<group>";
		};
		5A3AAA632AEDEA55004A15BC /* Frameworks */ = {
			isa = PBXGroup;
			children = (
			);
			name = Frameworks;
			sourceTree = "<group>";
		};
		5A3AAA6B2AEDEAC6004A15BC /* Internet Archive Player tvOS */ = {
			isa = PBXGroup;
			children = (
				5A3AAA6C2AEDEAC6004A15BC /* Internet_Archive_Player_tvOSApp.swift */,
				5A3AAA8A2AEE0AE0004A15BC /* Extensions */,
				5A3AAA812AEDFC4D004A15BC /* Views */,
				5A3AAA702AEDEAC6004A15BC /* Assets.xcassets */,
				5A3AAA752AEDEAC6004A15BC /* Persistence.swift */,
				5A3AAA7A2AEDEAC6004A15BC /* Internet_Archive_Player_tvOS.entitlements */,
				5A3AAA7B2AEDEAC6004A15BC /* Info.plist */,
				5A3AAA772AEDEAC6004A15BC /* Internet_Archive_Player_tvOS.xcdatamodeld */,
				5A3AAA722AEDEAC6004A15BC /* Preview Content */,
			);
			path = "Internet Archive Player tvOS";
			sourceTree = "<group>";
		};
		5A3AAA722AEDEAC6004A15BC /* Preview Content */ = {
			isa = PBXGroup;
			children = (
				5A3AAA732AEDEAC6004A15BC /* Preview Assets.xcassets */,
			);
			path = "Preview Content";
			sourceTree = "<group>";
		};
		5A3AAA812AEDFC4D004A15BC /* Views */ = {
			isa = PBXGroup;
			children = (
				5A600D4C2EF0F96C00F7DCE8 /* DetailDescription_tvOS.swift */,
				5A3AAA6E2AEDEAC6004A15BC /* ContentView.swift */,
				5A3AAA7F2AEDFC47004A15BC /* TVSearchView.swift */,
				5A3AAA852AEDFFB0004A15BC /* TVDetail.swift */,
				5A0564442EF35DF90000D71D /* TVDetaill Subviews */,
				5AD7C43C2EF7944800BBBA1D /* SearchFilters_tvOS.swift */,
			);
			path = Views;
			sourceTree = "<group>";
		};
		5A3AAA8A2AEE0AE0004A15BC /* Extensions */ = {
			isa = PBXGroup;
			children = (
				5A3AAA8B2AEE0AF3004A15BC /* ArchiveFile+Extensions.swift */,
			);
			path = Extensions;
			sourceTree = "<group>";
		};
		5A4151BB27B3644E007A3623 /* Utility */ = {
			isa = PBXGroup;
			children = (
				5A5310D22EF88A2C002C6F5D /* PlayerSafeAreaModifier.swift */,
				5A5310D42EF88B25002C6F5D /* PLAYER_HEIGHT_REFACTOR.md */,
				5ADED070279B63C300FB2E6D /* BackgroundColorModifier.swift */,
				5A4151BC27B3645E007A3623 /* Inject.swift */,
				5A4151BE27B364B4007A3623 /* ServiceContainer.swift */,
				5A71893E280B721400B1944B /* NavigationBarModifier.swift */,
				5AFD76052AAD330F00987D4E /* DraggableModifier.swift */,
			);
			path = Utility;
			sourceTree = "<group>";
		};
		5A576F802D0E43180065647C /* Reflective */ = {
			isa = PBXGroup;
			children = (
				5A576F812D0E43270065647C /* ReflectiveGradientView.swift */,
			);
			path = Reflective;
			sourceTree = "<group>";
		};
		5A6D689F2EEB7ED700301357 /* Saved Archives */ = {
			isa = PBXGroup;
			children = (
				5AC8A6B12EEB67F100D962B9 /* FavoriteArchivesView.swift */,
				5A1CB7122EEFDED900B8D664 /* FavoriteArchiveItemView.swift */,
				5A0E15172EF1EB4D000A80D2 /* CachedAsyncImage.swift */,
			);
			path = "Saved Archives";
			sourceTree = "<group>";
		};
		5ABF75672AAFC4D7001B158B /* ci_scripts */ = {
			isa = PBXGroup;
			children = (
				5ABF75682AAFC4D7001B158B /* ci_post_xcodebuild.sh */,
				5AAF2F952AB4F37C00886641 /* ci_post_clone.sh */,
			);
			path = ci_scripts;
			sourceTree = "<group>";
		};
		5AC5B2B0281C9F7A00CDE937 /* Model Extensions */ = {
			isa = PBXGroup;
			children = (
				5AD7C4382EF7916300BBBA1D /* SearchFilter.swift */,
				5AD7C43E2EF7953E00BBBA1D /* SearchFiltersViewModel.swift */,
				5AC5B2B1281C9F9600CDE937 /* ArchiveFile+ArchiveFileEntity.swift */,
				5AC5DBA3281F7C36004D64DB /* PlaylistEntity+Extension.swift */,
				5A4F2D5C2A5322B900DCDF95 /* ArchiveMetaData+Extension.swift */,
				5AC8A6B02EEB675E00D962B9 /* ArchiveMetaData+ArchiveMetaDataEntity.swift */,
				5AC8A6B72EEB712C00D962B9 /* ArchiveMetaDataEntity+CoreDataClass.swift */,
				5AC8A6B82EEB713300D962B9 /* ArchiveMetaDataEntity+CoreDataProperties.swift */,
				5A0E15192EF204AC000A80D2 /* ArchiveFileDisplayable.swift */,
				5A0E151C2EF207F2000A80D2 /* HistoryArchiveFileEntity+CoreDataClass.swift */,
				5A0E151F2EF207F2000A80D2 /* HistoryArchiveFileEntity+CoreDataProperties.swift */,
				5A0E15222EF207F8000A80D2 /* HistoryArchiveFileEntity+Extensions.swift */,
			);
			path = "Model Extensions";
			sourceTree = "<group>";
		};
		5AD216F02AA576C400325087 /* Lists */ = {
			isa = PBXGroup;
			children = (
				5AD216F12AA5770300325087 /* ListsView.swift */,
				5AD216F32AA5862B00325087 /* NewPlaylist.swift */,
				5A9DCF922AA6647600F6EFDB /* OtherPlaylist.swift */,
				5A9DCF942AA6796E00F6EFDB /* SingleListView.swift */,
			);
			path = Lists;
			sourceTree = "<group>";
		};
		5ADED02C279B56EE00FB2E6D = {
			isa = PBXGroup;
			children = (
				5ABF75672AAFC4D7001B158B /* ci_scripts */,
				5ADED037279B56EE00FB2E6D /* Internet Archive Player */,
				5ADED048279B56F000FB2E6D /* Internet Archive PlayerTests */,
				5ADED052279B56F000FB2E6D /* Internet Archive PlayerUITests */,
				5A3AAA6B2AEDEAC6004A15BC /* Internet Archive Player tvOS */,
				5ADED036279B56EE00FB2E6D /* Products */,
				5A3AAA632AEDEA55004A15BC /* Frameworks */,
				5AC8A6B22EEB681300D962B9 /* FAVORITE_ARCHIVES_IMPLEMENTATION.md */,
				5AC8A6B42EEB684300D962B9 /* ARCHITECTURE_DIAGRAM.md */,
			);
			sourceTree = "<group>";
		};
		5ADED036279B56EE00FB2E6D /* Products */ = {
			isa = PBXGroup;
			children = (
				5ADED035279B56EE00FB2E6D /* ia-player.app */,
				5ADED045279B56F000FB2E6D /* Internet Archive PlayerTests.xctest */,
				5ADED04F279B56F000FB2E6D /* Internet Archive PlayerUITests.xctest */,
				5A3AAA6A2AEDEAC6004A15BC /* Internet Archive Player tvOS.app */,
			);
			name = Products;
			sourceTree = "<group>";
		};
		5ADED037279B56EE00FB2E6D /* Internet Archive Player */ = {
			isa = PBXGroup;
			children = (
				5AAF285727B9C83D00ED2B30 /* Internet-Archive-Player-Info.plist */,
				5ADED038279B56EE00FB2E6D /* Internet_Archive_PlayerApp.swift */,
				5AC10D59281C988C00119C4E /* InternetArchivePlayer.xcdatamodeld */,
				5AFEC5052A9986D700E0BFD3 /* Screens */,
				5ADED074279B8A4A00FB2E6D /* Player */,
				5A012CAC282B54B900785420 /* Downloader */,
				5AC5B2B0281C9F7A00CDE937 /* Model Extensions */,
				CE1ACD502812FA5F00EF968A /* Services */,
				5ADED069279B602900FB2E6D /* Utils */,
				5ADED06F279B638F00FB2E6D /* Common */,
				5ADED06B279B607800FB2E6D /* Resources */,
				5ADED03E279B56F000FB2E6D /* Preview Content */,
			);
			path = "Internet Archive Player";
			sourceTree = "<group>";
		};
		5ADED03E279B56F000FB2E6D /* Preview Content */ = {
			isa = PBXGroup;
			children = (
				5ADED03F279B56F000FB2E6D /* Preview Assets.xcassets */,
			);
			path = "Preview Content";
			sourceTree = "<group>";
		};
		5ADED048279B56F000FB2E6D /* Internet Archive PlayerTests */ = {
			isa = PBXGroup;
			children = (
				5ADED049279B56F000FB2E6D /* Internet_Archive_PlayerTests.swift */,
			);
			path = "Internet Archive PlayerTests";
			sourceTree = "<group>";
		};
		5ADED052279B56F000FB2E6D /* Internet Archive PlayerUITests */ = {
			isa = PBXGroup;
			children = (
				5ADED053279B56F000FB2E6D /* Internet_Archive_PlayerUITests.swift */,
				5ADED055279B56F000FB2E6D /* Internet_Archive_PlayerUITestsLaunchTests.swift */,
			);
			path = "Internet Archive PlayerUITests";
			sourceTree = "<group>";
		};
		5ADED062279B588E00FB2E6D /* Search */ = {
			isa = PBXGroup;
			children = (
				5ADED064279B58CB00FB2E6D /* SearchView.swift */,
				5A2FACD227A10FB200D02945 /* SearchItemView.swift */,
				5A6D68A22EEB895200301357 /* SearchItemDisplayable.swift */,
				5AFD76032AAD06D200987D4E /* SearchFilters.swift */,
			);
			path = Search;
			sourceTree = "<group>";
		};
		5ADED063279B589600FB2E6D /* Favorites */ = {
			isa = PBXGroup;
			children = (
				5AFEC5062A99880800E0BFD3 /* NewFavoritesView.swift */,
			);
			path = Favorites;
			sourceTree = "<group>";
		};
		5ADED069279B602900FB2E6D /* Utils */ = {
			isa = PBXGroup;
			children = (
				5A576F802D0E43180065647C /* Reflective */,
				5AC10D5C281C98B200119C4E /* Persistence.swift */,
				5ADED06A279B603700FB2E6D /* IAMediaUtils.swift */,
				5A4F2D582A50781D00DCDF95 /* UIImageView+Extension.swift */,
				5A4F2D5A2A53227C00DCDF95 /* AttString+Extension.swift */,
				5AFD76072AAD35FD00987D4E /* ViewExtensions.swift */,
			);
			path = Utils;
			sourceTree = "<group>";
		};
		5ADED06B279B607800FB2E6D /* Resources */ = {
			isa = PBXGroup;
			children = (
				5ADED03C279B56F000FB2E6D /* Assets.xcassets */,
				5ADED06C279B608F00FB2E6D /* Iconochive-Regular.ttf */,
			);
			path = Resources;
			sourceTree = "<group>";
		};
		5ADED06F279B638F00FB2E6D /* Common */ = {
			isa = PBXGroup;
			children = (
				5AFD76022AACF5F600987D4E /* Views */,
				5A4151BB27B3644E007A3623 /* Utility */,
			);
			path = Common;
			sourceTree = "<group>";
		};
		5ADED074279B8A4A00FB2E6D /* Player */ = {
			isa = PBXGroup;
			children = (
				5A4151B727B0FDF8007A3623 /* IAReachability.swift */,
				5AD6BC51279CCB7000495070 /* PlayerControls.swift */,
				5AD6BC53279CCED100495070 /* PlayerButton.swift */,
				5AD6BC55279CDE2100495070 /* AirPlayButton.swift */,
				5A4151B927B0FEAA007A3623 /* Player.swift */,
				5AA73BEF2EEF50940047B904 /* HistoryDrawerView.swift */,
				5ABAAAC42EF8BEA0004C1AD7 /* PlaylistDrawer.swift */,
				5AEEA0AA2EF8F807008243DA /* AVPLAYER_ERROR_HANDLING.md */,
			);
			path = Player;
			sourceTree = "<group>";
		};
		5AEEA09E2EF8EEB5008243DA /* Browse */ = {
			isa = PBXGroup;
			children = (
				5AEEA09F2EF8EEC9008243DA /* Browse.swift */,
			);
			path = Browse;
			sourceTree = "<group>";
		};
		5AEEA0A92EF8F368008243DA /* Error */ = {
			isa = PBXGroup;
			children = (
				5AEEA0A12EF8F2B9008243DA /* ArchiveErrorOverlay.swift */,
				5AEEA0A32EF8F2C1008243DA /* ArchiveErrorManager.swift */,
			);
			path = Error;
			sourceTree = "<group>";
		};
		5AFD76022AACF5F600987D4E /* Views */ = {
			isa = PBXGroup;
			children = (
				5ADA9D822CE9802300A18ED6 /* WebView.swift */,
				CEF72C9927B5D72600B8AF15 /* FileView.swift */,
				5AC5B2B3281CA4B000CDE937 /* EntityFileView.swift */,
				5AD5DAF62AB92FAF00EDB749 /* EntityFileCardView.swift */,
				5AD5DAF82AB93C8100EDB749 /* View+Extensions.swift */,
				5A35A6D82ABBC34000A127D6 /* ViewBuilders.swift */,
			);
			path = Views;
			sourceTree = "<group>";
		};
		5AFEC5042A9986BE00E0BFD3 /* NowPlaying */ = {
			isa = PBXGroup;
			children = (
				5AD6BC57279CF31400495070 /* NowPlaying.swift */,
			);
			path = NowPlaying;
			sourceTree = "<group>";
		};
		5AFEC5052A9986D700E0BFD3 /* Screens */ = {
			isa = PBXGroup;
			children = (
				5AA391A42A4F4C8A00C65A48 /* Home.swift */,
				5AEEA0A92EF8F368008243DA /* Error */,
				5AEEA09E2EF8EEB5008243DA /* Browse */,
				5A6D689F2EEB7ED700301357 /* Saved Archives */,
				5A35A6DA2ABBE88B00A127D6 /* Debug */,
				5ADED063279B589600FB2E6D /* Favorites */,
				5AFEC5042A9986BE00E0BFD3 /* NowPlaying */,
				CEF72C9827A24BF700B8AF15 /* Detail */,
				5ADED062279B588E00FB2E6D /* Search */,
				5AD216F02AA576C400325087 /* Lists */,
				5AEEA0A72EF8F341008243DA /* ARCHIVE_ERROR_ARCHITECTURE.md */,
			);
			path = Screens;
			sourceTree = "<group>";
		};
		CE1ACD502812FA5F00EF968A /* Services */ = {
			isa = PBXGroup;
			children = (
				CE1ACD512812FA8B00EF968A /* PlayerArchiveService.swift */,
				5A600D4A2EF0F4AF00F7DCE8 /* CollectionFilterCache.swift */,
				5AEEA0AC2EF8FB90008243DA /* CANCELLATION_ERROR_HANDLING.md */,
			);
			path = Services;
			sourceTree = "<group>";
		};
		CEF72C9827A24BF700B8AF15 /* Detail */ = {
			isa = PBXGroup;
			children = (
				CE16141A279E9EE900ED0055 /* Detail.swift */,
				5A33A43E2A59CC520010C6FA /* DetailViewModel.swift */,
				5AE69CD12A846DBE0062CC5D /* DetailDescription.swift */,
				5A5310D62EF8AE3C002C6F5D /* DetailIndividualPlayer.swift */,
				5AEEA0A52EF8F31D008243DA /* ARCHIVE_ERROR_OVERLAY_GUIDE.md */,
			);
			path = Detail;
			sourceTree = "<group>";
		};
/* End PBXGroup section */

/* Begin PBXNativeTarget section */
		5A3AAA692AEDEAC6004A15BC /* Internet Archive Player tvOS */ = {
			isa = PBXNativeTarget;
			buildConfigurationList = 5A3AAA7C2AEDEAC6004A15BC /* Build configuration list for PBXNativeTarget "Internet Archive Player tvOS" */;
			buildPhases = (
				5A3AAA662AEDEAC6004A15BC /* Sources */,
				5A3AAA672AEDEAC6004A15BC /* Frameworks */,
				5A3AAA682AEDEAC6004A15BC /* Resources */,
			);
			buildRules = (
			);
			dependencies = (
			);
			name = "Internet Archive Player tvOS";
			packageProductDependencies = (
				5A3AAA832AEDFF36004A15BC /* iaAPI */,
			);
			productName = "Internet Archive Player tvOS";
			productReference = 5A3AAA6A2AEDEAC6004A15BC /* Internet Archive Player tvOS.app */;
			productType = "com.apple.product-type.application";
		};
		5ADED034279B56EE00FB2E6D /* Internet Archive Player */ = {
			isa = PBXNativeTarget;
			buildConfigurationList = 5ADED059279B56F000FB2E6D /* Build configuration list for PBXNativeTarget "Internet Archive Player" */;
			buildPhases = (
				5ADED031279B56EE00FB2E6D /* Sources */,
				5ADED032279B56EE00FB2E6D /* Frameworks */,
				5ADED033279B56EE00FB2E6D /* Resources */,
			);
			buildRules = (
			);
			dependencies = (
			);
			name = "Internet Archive Player";
			packageProductDependencies = (
				5A305F512807BF5E00735FAA /* iaAPI */,
			);
			productName = "Internet Archive Player";
			productReference = 5ADED035279B56EE00FB2E6D /* ia-player.app */;
			productType = "com.apple.product-type.application";
		};
		5ADED044279B56F000FB2E6D /* Internet Archive PlayerTests */ = {
			isa = PBXNativeTarget;
			buildConfigurationList = 5ADED05C279B56F000FB2E6D /* Build configuration list for PBXNativeTarget "Internet Archive PlayerTests" */;
			buildPhases = (
				5ADED041279B56F000FB2E6D /* Sources */,
				5ADED042279B56F000FB2E6D /* Frameworks */,
				5ADED043279B56F000FB2E6D /* Resources */,
			);
			buildRules = (
			);
			dependencies = (
				5ADED047279B56F000FB2E6D /* PBXTargetDependency */,
			);
			name = "Internet Archive PlayerTests";
			productName = "Internet Archive PlayerTests";
			productReference = 5ADED045279B56F000FB2E6D /* Internet Archive PlayerTests.xctest */;
			productType = "com.apple.product-type.bundle.unit-test";
		};
		5ADED04E279B56F000FB2E6D /* Internet Archive PlayerUITests */ = {
			isa = PBXNativeTarget;
			buildConfigurationList = 5ADED05F279B56F000FB2E6D /* Build configuration list for PBXNativeTarget "Internet Archive PlayerUITests" */;
			buildPhases = (
				5ADED04B279B56F000FB2E6D /* Sources */,
				5ADED04C279B56F000FB2E6D /* Frameworks */,
				5ADED04D279B56F000FB2E6D /* Resources */,
			);
			buildRules = (
			);
			dependencies = (
				5ADED051279B56F000FB2E6D /* PBXTargetDependency */,
			);
			name = "Internet Archive PlayerUITests";
			productName = "Internet Archive PlayerUITests";
			productReference = 5ADED04F279B56F000FB2E6D /* Internet Archive PlayerUITests.xctest */;
			productType = "com.apple.product-type.bundle.ui-testing";
		};
/* End PBXNativeTarget section */

/* Begin PBXProject section */
		5ADED02D279B56EE00FB2E6D /* Project object */ = {
			isa = PBXProject;
			attributes = {
				BuildIndependentTargetsInParallel = 1;
				LastSwiftUpdateCheck = 1500;
				LastUpgradeCheck = 1610;
				TargetAttributes = {
					5A3AAA692AEDEAC6004A15BC = {
						CreatedOnToolsVersion = 15.0.1;
					};
					5ADED034279B56EE00FB2E6D = {
						CreatedOnToolsVersion = 13.2.1;
					};
					5ADED044279B56F000FB2E6D = {
						CreatedOnToolsVersion = 13.2.1;
						TestTargetID = 5ADED034279B56EE00FB2E6D;
					};
					5ADED04E279B56F000FB2E6D = {
						CreatedOnToolsVersion = 13.2.1;
						TestTargetID = 5ADED034279B56EE00FB2E6D;
					};
				};
			};
			buildConfigurationList = 5ADED030279B56EE00FB2E6D /* Build configuration list for PBXProject "Internet Archive Player" */;
			compatibilityVersion = "Xcode 13.0";
			developmentRegion = en;
			hasScannedForEncodings = 0;
			knownRegions = (
				en,
				Base,
			);
			mainGroup = 5ADED02C279B56EE00FB2E6D;
			packageReferences = (
				5A305F502807BF5E00735FAA /* XCRemoteSwiftPackageReference "iaAPI" */,
			);
			productRefGroup = 5ADED036279B56EE00FB2E6D /* Products */;
			projectDirPath = "";
			projectRoot = "";
			targets = (
				5ADED034279B56EE00FB2E6D /* Internet Archive Player */,
				5ADED044279B56F000FB2E6D /* Internet Archive PlayerTests */,
				5ADED04E279B56F000FB2E6D /* Internet Archive PlayerUITests */,
				5A3AAA692AEDEAC6004A15BC /* Internet Archive Player tvOS */,
			);
		};
/* End PBXProject section */

/* Begin PBXResourcesBuildPhase section */
		5A3AAA682AEDEAC6004A15BC /* Resources */ = {
			isa = PBXResourcesBuildPhase;
			buildActionMask = 2147483647;
			files = (
				5A3AAA742AEDEAC6004A15BC /* Preview Assets.xcassets in Resources */,
				5A3AAA712AEDEAC6004A15BC /* Assets.xcassets in Resources */,
				5AEEA0AD2EF8FB90008243DA /* CANCELLATION_ERROR_HANDLING.md in Resources */,
			);
			runOnlyForDeploymentPostprocessing = 0;
		};
		5ADED033279B56EE00FB2E6D /* Resources */ = {
			isa = PBXResourcesBuildPhase;
			buildActionMask = 2147483647;
			files = (
				5ADED06D279B608F00FB2E6D /* Iconochive-Regular.ttf in Resources */,
				5ABF75692AAFC4D8001B158B /* ci_post_xcodebuild.sh in Resources */,
				5AEEA0AB2EF8F807008243DA /* AVPLAYER_ERROR_HANDLING.md in Resources */,
				5AEEA0A82EF8F341008243DA /* ARCHIVE_ERROR_ARCHITECTURE.md in Resources */,
				5AEEA0A62EF8F31D008243DA /* ARCHIVE_ERROR_OVERLAY_GUIDE.md in Resources */,
				5ADED040279B56F000FB2E6D /* Preview Assets.xcassets in Resources */,
				5A5310D52EF88B25002C6F5D /* PLAYER_HEIGHT_REFACTOR.md in Resources */,
				5ADED03D279B56F000FB2E6D /* Assets.xcassets in Resources */,
				5AEEA0AE2EF8FB90008243DA /* CANCELLATION_ERROR_HANDLING.md in Resources */,
			);
			runOnlyForDeploymentPostprocessing = 0;
		};
		5ADED043279B56F000FB2E6D /* Resources */ = {
			isa = PBXResourcesBuildPhase;
			buildActionMask = 2147483647;
			files = (
			);
			runOnlyForDeploymentPostprocessing = 0;
		};
		5ADED04D279B56F000FB2E6D /* Resources */ = {
			isa = PBXResourcesBuildPhase;
			buildActionMask = 2147483647;
			files = (
			);
			runOnlyForDeploymentPostprocessing = 0;
		};
/* End PBXResourcesBuildPhase section */

/* Begin PBXSourcesBuildPhase section */
		5A3AAA662AEDEAC6004A15BC /* Sources */ = {
			isa = PBXSourcesBuildPhase;
			buildActionMask = 2147483647;
			files = (
				5A3AAA8C2AEE0AF3004A15BC /* ArchiveFile+Extensions.swift in Sources */,
				5A3AAA872AEE0922004A15BC /* IAMediaUtils.swift in Sources */,
				5A3AAA762AEDEAC6004A15BC /* Persistence.swift in Sources */,
				5A05643F2EF35D5A0000D71D /* FlowLayout.swift in Sources */,
				5A0564412EF35D5A0000D71D /* VideoPlayerWithPlaceholder.swift in Sources */,
				5A3AAA802AEDFC47004A15BC /* TVSearchView.swift in Sources */,
				5A3AAA862AEDFFB0004A15BC /* TVDetail.swift in Sources */,
				5A0E15212EF207F2000A80D2 /* HistoryArchiveFileEntity+CoreDataProperties.swift in Sources */,
				5AD7C4372EF7911500BBBA1D /* CollectionFilterCache.swift in Sources */,
				5AC8A6C22EEB73A400D962B9 /* ArchiveMetaDataEntity+CoreDataProperties.swift in Sources */,
				5AC8A6C02EEB739B00D962B9 /* ArchiveMetaDataEntity+CoreDataClass.swift in Sources */,
				5A3AAA6F2AEDEAC6004A15BC /* ContentView.swift in Sources */,
				5A3AAA8D2AEE1622004A15BC /* AttString+Extension.swift in Sources */,
				5A3AAA792AEDEAC6004A15BC /* Internet_Archive_Player_tvOS.xcdatamodeld in Sources */,
				5AC4FE5F2EF31C4900FE8ABD /* ArchiveMetaData+ArchiveMetaDataEntity.swift in Sources */,
				5A0564432EF35D5A0000D71D /* AudioPlayerView.swift in Sources */,
				5AD7C43B2EF791EB00BBBA1D /* SearchFilter.swift in Sources */,
				5A600D4E2EF0F9DB00F7DCE8 /* DetailDescription_tvOS.swift in Sources */,
				5A5310D12EF79581002C6F5D /* SearchFiltersViewModel.swift in Sources */,
				5A05643D2EF35D5A0000D71D /* FlowingCollectionsView.swift in Sources */,
				5ADB8AD02AEF23DC0034B93B /* ArchiveMetaData+Extension.swift in Sources */,
				5AEEA0AF2EF8FCAE008243DA /* ArchiveErrorOverlay.swift in Sources */,
				5AEEA0B02EF8FCAE008243DA /* ArchiveErrorManager.swift in Sources */,
				5A3AAA6D2AEDEAC6004A15BC /* Internet_Archive_Player_tvOSApp.swift in Sources */,
				5AD7C43D2EF7944800BBBA1D /* SearchFilters_tvOS.swift in Sources */,
				5A0E151D2EF207F2000A80D2 /* HistoryArchiveFileEntity+CoreDataClass.swift in Sources */,
				5A3AAA822AEDFEAF004A15BC /* PlayerArchiveService.swift in Sources */,
			);
			runOnlyForDeploymentPostprocessing = 0;
		};
		5ADED031279B56EE00FB2E6D /* Sources */ = {
			isa = PBXSourcesBuildPhase;
			buildActionMask = 2147483647;
			files = (
				5AC5DBA4281F7C36004D64DB /* PlaylistEntity+Extension.swift in Sources */,
				5AD7C4392EF7916300BBBA1D /* SearchFilter.swift in Sources */,
				5A9DCF952AA6796E00F6EFDB /* SingleListView.swift in Sources */,
				5AD6BC58279CF31400495070 /* NowPlaying.swift in Sources */,
				5A4F2D592A50781D00DCDF95 /* UIImageView+Extension.swift in Sources */,
				5AC8A6C12EEB73A400D962B9 /* ArchiveMetaDataEntity+CoreDataProperties.swift in Sources */,
				5AFEC5072A99880800E0BFD3 /* NewFavoritesView.swift in Sources */,
				5A4151BD27B3645E007A3623 /* Inject.swift in Sources */,
				5AD6BC54279CCED100495070 /* PlayerButton.swift in Sources */,
				5A0E15232EF207F8000A80D2 /* HistoryArchiveFileEntity+Extensions.swift in Sources */,
				5ADED071279B63C300FB2E6D /* BackgroundColorModifier.swift in Sources */,
				5AD6BC56279CDE2100495070 /* AirPlayButton.swift in Sources */,
				5AD7C43F2EF7953E00BBBA1D /* SearchFiltersViewModel.swift in Sources */,
				5A012CAE282B54C800785420 /* Downloader.swift in Sources */,
				5AE69CD22A846DBE0062CC5D /* DetailDescription.swift in Sources */,
				5AA73BF02EEF51730047B904 /* HistoryDrawerView.swift in Sources */,
				5AC8A6BB2EEB737A00D962B9 /* FavoriteArchivesView.swift in Sources */,
				5A0E15182EF1EB4D000A80D2 /* CachedAsyncImage.swift in Sources */,
				CEF72C9A27B5D72600B8AF15 /* FileView.swift in Sources */,
				5A4F2D5B2A53227C00DCDF95 /* AttString+Extension.swift in Sources */,
				5AFD76042AAD06D200987D4E /* SearchFilters.swift in Sources */,
				5ABAAAC52EF8BEA0004C1AD7 /* PlaylistDrawer.swift in Sources */,
				5AEEA0A22EF8F2B9008243DA /* ArchiveErrorOverlay.swift in Sources */,
				5AC5B2B2281C9F9600CDE937 /* ArchiveFile+ArchiveFileEntity.swift in Sources */,
				5AC8A6B92EEB737200D962B9 /* ArchiveMetaData+ArchiveMetaDataEntity.swift in Sources */,
				5A600D4B2EF0F4AF00F7DCE8 /* CollectionFilterCache.swift in Sources */,
				5A0E15202EF207F2000A80D2 /* HistoryArchiveFileEntity+CoreDataProperties.swift in Sources */,
				5AD6BC52279CCB7000495070 /* PlayerControls.swift in Sources */,
				5A33A43F2A59CC520010C6FA /* DetailViewModel.swift in Sources */,
				5A35A6D92ABBC34000A127D6 /* ViewBuilders.swift in Sources */,
				5AC10D5B281C988C00119C4E /* InternetArchivePlayer.xcdatamodeld in Sources */,
				5A576F822D0E432D0065647C /* ReflectiveGradientView.swift in Sources */,
				5AC10D5D281C98B200119C4E /* Persistence.swift in Sources */,
				5AC8A6BF2EEB739B00D962B9 /* ArchiveMetaDataEntity+CoreDataClass.swift in Sources */,
				5AD216F42AA5862B00325087 /* NewPlaylist.swift in Sources */,
				5A71893F280B721400B1944B /* NavigationBarModifier.swift in Sources */,
				5A9DCF932AA6647600F6EFDB /* OtherPlaylist.swift in Sources */,
				5A2FACD327A10FB200D02945 /* SearchItemView.swift in Sources */,
				5A5310D72EF8AE3C002C6F5D /* DetailIndividualPlayer.swift in Sources */,
				5ADA9D832CE9802D00A18ED6 /* WebView.swift in Sources */,
				5A35A6DC2ABBE8A800A127D6 /* DebugView.swift in Sources */,
				5A0E151E2EF207F2000A80D2 /* HistoryArchiveFileEntity+CoreDataClass.swift in Sources */,
				5A5310D32EF88A2C002C6F5D /* PlayerSafeAreaModifier.swift in Sources */,
				5AD5DAF72AB92FAF00EDB749 /* EntityFileCardView.swift in Sources */,
				5A6D68A32EEB895200301357 /* SearchItemDisplayable.swift in Sources */,
				5AD216F22AA5770300325087 /* ListsView.swift in Sources */,
				5AC5B2B4281CA4B000CDE937 /* EntityFileView.swift in Sources */,
				5A1CB7132EEFDED900B8D664 /* FavoriteArchiveItemView.swift in Sources */,
				5AA391A52A4F4C8A00C65A48 /* Home.swift in Sources */,
				5AFD76062AAD330F00987D4E /* DraggableModifier.swift in Sources */,
				5AEEA0A02EF8EECF008243DA /* Browse.swift in Sources */,
				5A4F2D5D2A5322B900DCDF95 /* ArchiveMetaData+Extension.swift in Sources */,
				5ADED06E279B60F500FB2E6D /* IAMediaUtils.swift in Sources */,
				5AFD76082AAD35FD00987D4E /* ViewExtensions.swift in Sources */,
				5A0E151B2EF204AC000A80D2 /* ArchiveFileDisplayable.swift in Sources */,
				CE1ACD522812FA8B00EF968A /* PlayerArchiveService.swift in Sources */,
				5A4151BA27B0FEAA007A3623 /* Player.swift in Sources */,
				5A4151B827B0FDF8007A3623 /* IAReachability.swift in Sources */,
				CE16141B279E9EE900ED0055 /* Detail.swift in Sources */,
				5AEEA0A42EF8F2C1008243DA /* ArchiveErrorManager.swift in Sources */,
				5ADED039279B56EE00FB2E6D /* Internet_Archive_PlayerApp.swift in Sources */,
				5ADED065279B58CB00FB2E6D /* SearchView.swift in Sources */,
				5AD5DAF92AB93C8100EDB749 /* View+Extensions.swift in Sources */,
				5A4151BF27B364B4007A3623 /* ServiceContainer.swift in Sources */,
			);
			runOnlyForDeploymentPostprocessing = 0;
		};
		5ADED041279B56F000FB2E6D /* Sources */ = {
			isa = PBXSourcesBuildPhase;
			buildActionMask = 2147483647;
			files = (
				5ADED04A279B56F000FB2E6D /* Internet_Archive_PlayerTests.swift in Sources */,
			);
			runOnlyForDeploymentPostprocessing = 0;
		};
		5ADED04B279B56F000FB2E6D /* Sources */ = {
			isa = PBXSourcesBuildPhase;
			buildActionMask = 2147483647;
			files = (
				5ADED054279B56F000FB2E6D /* Internet_Archive_PlayerUITests.swift in Sources */,
				5ADED056279B56F000FB2E6D /* Internet_Archive_PlayerUITestsLaunchTests.swift in Sources */,
			);
			runOnlyForDeploymentPostprocessing = 0;
		};
/* End PBXSourcesBuildPhase section */

/* Begin PBXTargetDependency section */
		5ADED047279B56F000FB2E6D /* PBXTargetDependency */ = {
			isa = PBXTargetDependency;
			target = 5ADED034279B56EE00FB2E6D /* Internet Archive Player */;
			targetProxy = 5ADED046279B56F000FB2E6D /* PBXContainerItemProxy */;
		};
		5ADED051279B56F000FB2E6D /* PBXTargetDependency */ = {
			isa = PBXTargetDependency;
			target = 5ADED034279B56EE00FB2E6D /* Internet Archive Player */;
			targetProxy = 5ADED050279B56F000FB2E6D /* PBXContainerItemProxy */;
		};
/* End PBXTargetDependency section */

/* Begin XCBuildConfiguration section */
		5A3AAA7D2AEDEAC6004A15BC /* Debug */ = {
			isa = XCBuildConfiguration;
			buildSettings = {
				ASSETCATALOG_COMPILER_APPICON_NAME = "App Icon & Top Shelf Image";
				ASSETCATALOG_COMPILER_GENERATE_SWIFT_ASSET_SYMBOL_EXTENSIONS = YES;
				ASSETCATALOG_COMPILER_GLOBAL_ACCENT_COLOR_NAME = AccentColor;
				CLANG_CXX_LANGUAGE_STANDARD = "gnu++20";
				CODE_SIGN_ENTITLEMENTS = "Internet Archive Player tvOS/Internet_Archive_Player_tvOS.entitlements";
				CODE_SIGN_STYLE = Automatic;
				CURRENT_PROJECT_VERSION = 1;
				DEVELOPMENT_ASSET_PATHS = "\"Internet Archive Player tvOS/Preview Content\"";
				DEVELOPMENT_TEAM = YB9HQM8F84;
				ENABLE_PREVIEWS = YES;
				ENABLE_USER_SCRIPT_SANDBOXING = YES;
				GCC_C_LANGUAGE_STANDARD = gnu17;
				GENERATE_INFOPLIST_FILE = YES;
				INFOPLIST_FILE = "Internet Archive Player tvOS/Info.plist";
				INFOPLIST_KEY_CFBundleDisplayName = "IA Player";
				INFOPLIST_KEY_LSApplicationCategoryType = "public.app-category.entertainment";
				INFOPLIST_KEY_UILaunchScreen_Generation = YES;
				INFOPLIST_KEY_UIUserInterfaceStyle = Automatic;
				LD_RUNPATH_SEARCH_PATHS = (
					"$(inherited)",
					"@executable_path/Frameworks",
				);
				LOCALIZATION_PREFERS_STRING_CATALOGS = YES;
				MARKETING_VERSION = 1.0;
				PRODUCT_BUNDLE_IDENTIFIER = "hunterleebrown.ia-player";
				PRODUCT_NAME = "$(TARGET_NAME)";
				SDKROOT = appletvos;
				SWIFT_ACTIVE_COMPILATION_CONDITIONS = "DEBUG $(inherited)";
				SWIFT_EMIT_LOC_STRINGS = YES;
				SWIFT_VERSION = 5.0;
				TARGETED_DEVICE_FAMILY = 3;
				TVOS_DEPLOYMENT_TARGET = 17.0;
			};
			name = Debug;
		};
		5A3AAA7E2AEDEAC6004A15BC /* Release */ = {
			isa = XCBuildConfiguration;
			buildSettings = {
				ASSETCATALOG_COMPILER_APPICON_NAME = "App Icon & Top Shelf Image";
				ASSETCATALOG_COMPILER_GENERATE_SWIFT_ASSET_SYMBOL_EXTENSIONS = YES;
				ASSETCATALOG_COMPILER_GLOBAL_ACCENT_COLOR_NAME = AccentColor;
				CLANG_CXX_LANGUAGE_STANDARD = "gnu++20";
				CODE_SIGN_ENTITLEMENTS = "Internet Archive Player tvOS/Internet_Archive_Player_tvOS.entitlements";
				CODE_SIGN_STYLE = Automatic;
				CURRENT_PROJECT_VERSION = 1;
				DEVELOPMENT_ASSET_PATHS = "\"Internet Archive Player tvOS/Preview Content\"";
				DEVELOPMENT_TEAM = YB9HQM8F84;
				ENABLE_PREVIEWS = YES;
				ENABLE_USER_SCRIPT_SANDBOXING = YES;
				GCC_C_LANGUAGE_STANDARD = gnu17;
				GENERATE_INFOPLIST_FILE = YES;
				INFOPLIST_FILE = "Internet Archive Player tvOS/Info.plist";
				INFOPLIST_KEY_CFBundleDisplayName = "IA Player";
				INFOPLIST_KEY_LSApplicationCategoryType = "public.app-category.entertainment";
				INFOPLIST_KEY_UILaunchScreen_Generation = YES;
				INFOPLIST_KEY_UIUserInterfaceStyle = Automatic;
				LD_RUNPATH_SEARCH_PATHS = (
					"$(inherited)",
					"@executable_path/Frameworks",
				);
				LOCALIZATION_PREFERS_STRING_CATALOGS = YES;
				MARKETING_VERSION = 1.0;
				PRODUCT_BUNDLE_IDENTIFIER = "hunterleebrown.ia-player";
				PRODUCT_NAME = "$(TARGET_NAME)";
				SDKROOT = appletvos;
				SWIFT_EMIT_LOC_STRINGS = YES;
				SWIFT_VERSION = 5.0;
				TARGETED_DEVICE_FAMILY = 3;
				TVOS_DEPLOYMENT_TARGET = 17.0;
			};
			name = Release;
		};
		5ADED057279B56F000FB2E6D /* Debug */ = {
			isa = XCBuildConfiguration;
			buildSettings = {
				ALWAYS_SEARCH_USER_PATHS = NO;
				CLANG_ANALYZER_NONNULL = YES;
				CLANG_ANALYZER_NUMBER_OBJECT_CONVERSION = YES_AGGRESSIVE;
				CLANG_CXX_LANGUAGE_STANDARD = "gnu++17";
				CLANG_CXX_LIBRARY = "libc++";
				CLANG_ENABLE_MODULES = YES;
				CLANG_ENABLE_OBJC_ARC = YES;
				CLANG_ENABLE_OBJC_WEAK = YES;
				CLANG_WARN_BLOCK_CAPTURE_AUTORELEASING = YES;
				CLANG_WARN_BOOL_CONVERSION = YES;
				CLANG_WARN_COMMA = YES;
				CLANG_WARN_CONSTANT_CONVERSION = YES;
				CLANG_WARN_DEPRECATED_OBJC_IMPLEMENTATIONS = YES;
				CLANG_WARN_DIRECT_OBJC_ISA_USAGE = YES_ERROR;
				CLANG_WARN_DOCUMENTATION_COMMENTS = YES;
				CLANG_WARN_EMPTY_BODY = YES;
				CLANG_WARN_ENUM_CONVERSION = YES;
				CLANG_WARN_INFINITE_RECURSION = YES;
				CLANG_WARN_INT_CONVERSION = YES;
				CLANG_WARN_NON_LITERAL_NULL_CONVERSION = YES;
				CLANG_WARN_OBJC_IMPLICIT_RETAIN_SELF = YES;
				CLANG_WARN_OBJC_LITERAL_CONVERSION = YES;
				CLANG_WARN_OBJC_ROOT_CLASS = YES_ERROR;
				CLANG_WARN_QUOTED_INCLUDE_IN_FRAMEWORK_HEADER = YES;
				CLANG_WARN_RANGE_LOOP_ANALYSIS = YES;
				CLANG_WARN_STRICT_PROTOTYPES = YES;
				CLANG_WARN_SUSPICIOUS_MOVE = YES;
				CLANG_WARN_UNGUARDED_AVAILABILITY = YES_AGGRESSIVE;
				CLANG_WARN_UNREACHABLE_CODE = YES;
				CLANG_WARN__DUPLICATE_METHOD_MATCH = YES;
				COPY_PHASE_STRIP = NO;
				DEBUG_INFORMATION_FORMAT = dwarf;
				ENABLE_STRICT_OBJC_MSGSEND = YES;
				ENABLE_TESTABILITY = YES;
				GCC_C_LANGUAGE_STANDARD = gnu11;
				GCC_DYNAMIC_NO_PIC = NO;
				GCC_NO_COMMON_BLOCKS = YES;
				GCC_OPTIMIZATION_LEVEL = 0;
				GCC_PREPROCESSOR_DEFINITIONS = (
					"DEBUG=1",
					"$(inherited)",
				);
				GCC_WARN_64_TO_32_BIT_CONVERSION = YES;
				GCC_WARN_ABOUT_RETURN_TYPE = YES_ERROR;
				GCC_WARN_UNDECLARED_SELECTOR = YES;
				GCC_WARN_UNINITIALIZED_AUTOS = YES_AGGRESSIVE;
				GCC_WARN_UNUSED_FUNCTION = YES;
				GCC_WARN_UNUSED_VARIABLE = YES;
				IPHONEOS_DEPLOYMENT_TARGET = 15.2;
				MTL_ENABLE_DEBUG_INFO = INCLUDE_SOURCE;
				MTL_FAST_MATH = YES;
				ONLY_ACTIVE_ARCH = YES;
				SDKROOT = iphoneos;
				SWIFT_ACTIVE_COMPILATION_CONDITIONS = DEBUG;
				SWIFT_OPTIMIZATION_LEVEL = "-Onone";
			};
			name = Debug;
		};
		5ADED058279B56F000FB2E6D /* Release */ = {
			isa = XCBuildConfiguration;
			buildSettings = {
				ALWAYS_SEARCH_USER_PATHS = NO;
				CLANG_ANALYZER_NONNULL = YES;
				CLANG_ANALYZER_NUMBER_OBJECT_CONVERSION = YES_AGGRESSIVE;
				CLANG_CXX_LANGUAGE_STANDARD = "gnu++17";
				CLANG_CXX_LIBRARY = "libc++";
				CLANG_ENABLE_MODULES = YES;
				CLANG_ENABLE_OBJC_ARC = YES;
				CLANG_ENABLE_OBJC_WEAK = YES;
				CLANG_WARN_BLOCK_CAPTURE_AUTORELEASING = YES;
				CLANG_WARN_BOOL_CONVERSION = YES;
				CLANG_WARN_COMMA = YES;
				CLANG_WARN_CONSTANT_CONVERSION = YES;
				CLANG_WARN_DEPRECATED_OBJC_IMPLEMENTATIONS = YES;
				CLANG_WARN_DIRECT_OBJC_ISA_USAGE = YES_ERROR;
				CLANG_WARN_DOCUMENTATION_COMMENTS = YES;
				CLANG_WARN_EMPTY_BODY = YES;
				CLANG_WARN_ENUM_CONVERSION = YES;
				CLANG_WARN_INFINITE_RECURSION = YES;
				CLANG_WARN_INT_CONVERSION = YES;
				CLANG_WARN_NON_LITERAL_NULL_CONVERSION = YES;
				CLANG_WARN_OBJC_IMPLICIT_RETAIN_SELF = YES;
				CLANG_WARN_OBJC_LITERAL_CONVERSION = YES;
				CLANG_WARN_OBJC_ROOT_CLASS = YES_ERROR;
				CLANG_WARN_QUOTED_INCLUDE_IN_FRAMEWORK_HEADER = YES;
				CLANG_WARN_RANGE_LOOP_ANALYSIS = YES;
				CLANG_WARN_STRICT_PROTOTYPES = YES;
				CLANG_WARN_SUSPICIOUS_MOVE = YES;
				CLANG_WARN_UNGUARDED_AVAILABILITY = YES_AGGRESSIVE;
				CLANG_WARN_UNREACHABLE_CODE = YES;
				CLANG_WARN__DUPLICATE_METHOD_MATCH = YES;
				COPY_PHASE_STRIP = NO;
				DEBUG_INFORMATION_FORMAT = "dwarf-with-dsym";
				ENABLE_NS_ASSERTIONS = NO;
				ENABLE_STRICT_OBJC_MSGSEND = YES;
				GCC_C_LANGUAGE_STANDARD = gnu11;
				GCC_NO_COMMON_BLOCKS = YES;
				GCC_WARN_64_TO_32_BIT_CONVERSION = YES;
				GCC_WARN_ABOUT_RETURN_TYPE = YES_ERROR;
				GCC_WARN_UNDECLARED_SELECTOR = YES;
				GCC_WARN_UNINITIALIZED_AUTOS = YES_AGGRESSIVE;
				GCC_WARN_UNUSED_FUNCTION = YES;
				GCC_WARN_UNUSED_VARIABLE = YES;
				IPHONEOS_DEPLOYMENT_TARGET = 15.2;
				MTL_ENABLE_DEBUG_INFO = NO;
				MTL_FAST_MATH = YES;
				SDKROOT = iphoneos;
				SWIFT_COMPILATION_MODE = wholemodule;
				SWIFT_OPTIMIZATION_LEVEL = "-O";
				VALIDATE_PRODUCT = YES;
			};
			name = Release;
		};
		5ADED05A279B56F000FB2E6D /* Debug */ = {
			isa = XCBuildConfiguration;
			buildSettings = {
				ASSETCATALOG_COMPILER_APPICON_NAME = AppIcon;
				ASSETCATALOG_COMPILER_GLOBAL_ACCENT_COLOR_NAME = AccentColor;
				ASSETCATALOG_COMPILER_INCLUDE_ALL_APPICON_ASSETS = NO;
				CODE_SIGN_STYLE = Automatic;
				CURRENT_PROJECT_VERSION = 1;
				DEVELOPMENT_ASSET_PATHS = "\"Internet Archive Player/Preview Content\"";
				DEVELOPMENT_TEAM = YB9HQM8F84;
				ENABLE_PREVIEWS = YES;
				GENERATE_INFOPLIST_FILE = YES;
				INFOPLIST_FILE = "Internet-Archive-Player-Info.plist";
				INFOPLIST_KEY_CFBundleDisplayName = "IA Player";
				INFOPLIST_KEY_ITSAppUsesNonExemptEncryption = NO;
				INFOPLIST_KEY_UIApplicationSceneManifest_Generation = YES;
				INFOPLIST_KEY_UIApplicationSupportsIndirectInputEvents = YES;
				INFOPLIST_KEY_UILaunchStoryboardName = "";
				INFOPLIST_KEY_UISupportedInterfaceOrientations_iPad = "UIInterfaceOrientationPortrait UIInterfaceOrientationPortraitUpsideDown UIInterfaceOrientationLandscapeLeft UIInterfaceOrientationLandscapeRight";
				INFOPLIST_KEY_UISupportedInterfaceOrientations_iPhone = "UIInterfaceOrientationPortrait UIInterfaceOrientationLandscapeLeft UIInterfaceOrientationLandscapeRight UIInterfaceOrientationPortraitUpsideDown";
				IPHONEOS_DEPLOYMENT_TARGET = 26.0;
				LD_RUNPATH_SEARCH_PATHS = (
					"$(inherited)",
					"@executable_path/Frameworks",
				);
				MARKETING_VERSION = 1.0;
				PRODUCT_BUNDLE_IDENTIFIER = "hunterleebrown.ia-player";
				PRODUCT_NAME = "ia-player";
				SUPPORTED_PLATFORMS = "iphoneos iphonesimulator";
				SUPPORTS_MACCATALYST = NO;
				SUPPORTS_MAC_DESIGNED_FOR_IPHONE_IPAD = NO;
				SUPPORTS_XR_DESIGNED_FOR_IPHONE_IPAD = NO;
				SWIFT_EMIT_LOC_STRINGS = YES;
				SWIFT_VERSION = 5.0;
				TARGETED_DEVICE_FAMILY = "1,2";
			};
			name = Debug;
		};
		5ADED05B279B56F000FB2E6D /* Release */ = {
			isa = XCBuildConfiguration;
			buildSettings = {
				ASSETCATALOG_COMPILER_APPICON_NAME = AppIcon;
				ASSETCATALOG_COMPILER_GLOBAL_ACCENT_COLOR_NAME = AccentColor;
				ASSETCATALOG_COMPILER_INCLUDE_ALL_APPICON_ASSETS = NO;
				CODE_SIGN_STYLE = Automatic;
				CURRENT_PROJECT_VERSION = 1;
				DEVELOPMENT_ASSET_PATHS = "\"Internet Archive Player/Preview Content\"";
				DEVELOPMENT_TEAM = YB9HQM8F84;
				ENABLE_PREVIEWS = YES;
				GENERATE_INFOPLIST_FILE = YES;
				INFOPLIST_FILE = "Internet-Archive-Player-Info.plist";
				INFOPLIST_KEY_CFBundleDisplayName = "IA Player";
				INFOPLIST_KEY_ITSAppUsesNonExemptEncryption = NO;
				INFOPLIST_KEY_UIApplicationSceneManifest_Generation = YES;
				INFOPLIST_KEY_UIApplicationSupportsIndirectInputEvents = YES;
				INFOPLIST_KEY_UILaunchStoryboardName = "";
				INFOPLIST_KEY_UISupportedInterfaceOrientations_iPad = "UIInterfaceOrientationPortrait UIInterfaceOrientationPortraitUpsideDown UIInterfaceOrientationLandscapeLeft UIInterfaceOrientationLandscapeRight";
				INFOPLIST_KEY_UISupportedInterfaceOrientations_iPhone = "UIInterfaceOrientationPortrait UIInterfaceOrientationLandscapeLeft UIInterfaceOrientationLandscapeRight UIInterfaceOrientationPortraitUpsideDown";
				IPHONEOS_DEPLOYMENT_TARGET = 26.0;
				LD_RUNPATH_SEARCH_PATHS = (
					"$(inherited)",
					"@executable_path/Frameworks",
				);
				MARKETING_VERSION = 1.0;
				PRODUCT_BUNDLE_IDENTIFIER = "hunterleebrown.ia-player";
				PRODUCT_NAME = "ia-player";
				SUPPORTED_PLATFORMS = "iphoneos iphonesimulator";
				SUPPORTS_MACCATALYST = NO;
				SUPPORTS_MAC_DESIGNED_FOR_IPHONE_IPAD = NO;
				SUPPORTS_XR_DESIGNED_FOR_IPHONE_IPAD = NO;
				SWIFT_ACTIVE_COMPILATION_CONDITIONS = RELEASE;
				SWIFT_EMIT_LOC_STRINGS = YES;
				SWIFT_VERSION = 5.0;
				TARGETED_DEVICE_FAMILY = "1,2";
			};
			name = Release;
		};
		5ADED05D279B56F000FB2E6D /* Debug */ = {
			isa = XCBuildConfiguration;
			buildSettings = {
				BUNDLE_LOADER = "$(TEST_HOST)";
				CODE_SIGN_STYLE = Automatic;
				CURRENT_PROJECT_VERSION = 1;
				DEVELOPMENT_TEAM = 3V9RT28258;
				GENERATE_INFOPLIST_FILE = YES;
				IPHONEOS_DEPLOYMENT_TARGET = 15.2;
				MARKETING_VERSION = 1.0;
				PRODUCT_BUNDLE_IDENTIFIER = "hunterleebrown.Internet-Archive-PlayerTests";
				PRODUCT_NAME = "$(TARGET_NAME)";
				SUPPORTED_PLATFORMS = "iphoneos iphonesimulator";
				SUPPORTS_MACCATALYST = NO;
				SUPPORTS_MAC_DESIGNED_FOR_IPHONE_IPAD = NO;
				SUPPORTS_XR_DESIGNED_FOR_IPHONE_IPAD = NO;
				SWIFT_EMIT_LOC_STRINGS = NO;
				SWIFT_VERSION = 5.0;
				TARGETED_DEVICE_FAMILY = "1,2";
				TEST_HOST = "$(BUILT_PRODUCTS_DIR)/Internet Archive Player.app/Internet Archive Player";
			};
			name = Debug;
		};
		5ADED05E279B56F000FB2E6D /* Release */ = {
			isa = XCBuildConfiguration;
			buildSettings = {
				BUNDLE_LOADER = "$(TEST_HOST)";
				CODE_SIGN_STYLE = Automatic;
				CURRENT_PROJECT_VERSION = 1;
				DEVELOPMENT_TEAM = 3V9RT28258;
				GENERATE_INFOPLIST_FILE = YES;
				IPHONEOS_DEPLOYMENT_TARGET = 15.2;
				MARKETING_VERSION = 1.0;
				PRODUCT_BUNDLE_IDENTIFIER = "hunterleebrown.Internet-Archive-PlayerTests";
				PRODUCT_NAME = "$(TARGET_NAME)";
				SUPPORTED_PLATFORMS = "iphoneos iphonesimulator";
				SUPPORTS_MACCATALYST = NO;
				SUPPORTS_MAC_DESIGNED_FOR_IPHONE_IPAD = NO;
				SUPPORTS_XR_DESIGNED_FOR_IPHONE_IPAD = NO;
				SWIFT_EMIT_LOC_STRINGS = NO;
				SWIFT_VERSION = 5.0;
				TARGETED_DEVICE_FAMILY = "1,2";
				TEST_HOST = "$(BUILT_PRODUCTS_DIR)/Internet Archive Player.app/Internet Archive Player";
			};
			name = Release;
		};
		5ADED060279B56F000FB2E6D /* Debug */ = {
			isa = XCBuildConfiguration;
			buildSettings = {
				CODE_SIGN_STYLE = Automatic;
				CURRENT_PROJECT_VERSION = 1;
				DEVELOPMENT_TEAM = 3V9RT28258;
				GENERATE_INFOPLIST_FILE = YES;
				MARKETING_VERSION = 1.0;
				PRODUCT_BUNDLE_IDENTIFIER = "hunterleebrown.Internet-Archive-PlayerUITests";
				PRODUCT_NAME = "$(TARGET_NAME)";
				SUPPORTED_PLATFORMS = "iphoneos iphonesimulator";
				SUPPORTS_MACCATALYST = NO;
				SUPPORTS_MAC_DESIGNED_FOR_IPHONE_IPAD = NO;
				SUPPORTS_XR_DESIGNED_FOR_IPHONE_IPAD = NO;
				SWIFT_EMIT_LOC_STRINGS = NO;
				SWIFT_VERSION = 5.0;
				TARGETED_DEVICE_FAMILY = "1,2";
				TEST_TARGET_NAME = "Internet Archive Player";
			};
			name = Debug;
		};
		5ADED061279B56F000FB2E6D /* Release */ = {
			isa = XCBuildConfiguration;
			buildSettings = {
				CODE_SIGN_STYLE = Automatic;
				CURRENT_PROJECT_VERSION = 1;
				DEVELOPMENT_TEAM = 3V9RT28258;
				GENERATE_INFOPLIST_FILE = YES;
				MARKETING_VERSION = 1.0;
				PRODUCT_BUNDLE_IDENTIFIER = "hunterleebrown.Internet-Archive-PlayerUITests";
				PRODUCT_NAME = "$(TARGET_NAME)";
				SUPPORTED_PLATFORMS = "iphoneos iphonesimulator";
				SUPPORTS_MACCATALYST = NO;
				SUPPORTS_MAC_DESIGNED_FOR_IPHONE_IPAD = NO;
				SUPPORTS_XR_DESIGNED_FOR_IPHONE_IPAD = NO;
				SWIFT_EMIT_LOC_STRINGS = NO;
				SWIFT_VERSION = 5.0;
				TARGETED_DEVICE_FAMILY = "1,2";
				TEST_TARGET_NAME = "Internet Archive Player";
			};
			name = Release;
		};
/* End XCBuildConfiguration section */

/* Begin XCConfigurationList section */
		5A3AAA7C2AEDEAC6004A15BC /* Build configuration list for PBXNativeTarget "Internet Archive Player tvOS" */ = {
			isa = XCConfigurationList;
			buildConfigurations = (
				5A3AAA7D2AEDEAC6004A15BC /* Debug */,
				5A3AAA7E2AEDEAC6004A15BC /* Release */,
			);
			defaultConfigurationIsVisible = 0;
			defaultConfigurationName = Release;
		};
		5ADED030279B56EE00FB2E6D /* Build configuration list for PBXProject "Internet Archive Player" */ = {
			isa = XCConfigurationList;
			buildConfigurations = (
				5ADED057279B56F000FB2E6D /* Debug */,
				5ADED058279B56F000FB2E6D /* Release */,
			);
			defaultConfigurationIsVisible = 0;
			defaultConfigurationName = Release;
		};
		5ADED059279B56F000FB2E6D /* Build configuration list for PBXNativeTarget "Internet Archive Player" */ = {
			isa = XCConfigurationList;
			buildConfigurations = (
				5ADED05A279B56F000FB2E6D /* Debug */,
				5ADED05B279B56F000FB2E6D /* Release */,
			);
			defaultConfigurationIsVisible = 0;
			defaultConfigurationName = Release;
		};
		5ADED05C279B56F000FB2E6D /* Build configuration list for PBXNativeTarget "Internet Archive PlayerTests" */ = {
			isa = XCConfigurationList;
			buildConfigurations = (
				5ADED05D279B56F000FB2E6D /* Debug */,
				5ADED05E279B56F000FB2E6D /* Release */,
			);
			defaultConfigurationIsVisible = 0;
			defaultConfigurationName = Release;
		};
		5ADED05F279B56F000FB2E6D /* Build configuration list for PBXNativeTarget "Internet Archive PlayerUITests" */ = {
			isa = XCConfigurationList;
			buildConfigurations = (
				5ADED060279B56F000FB2E6D /* Debug */,
				5ADED061279B56F000FB2E6D /* Release */,
			);
			defaultConfigurationIsVisible = 0;
			defaultConfigurationName = Release;
		};
/* End XCConfigurationList section */

/* Begin XCRemoteSwiftPackageReference section */
		5A305F502807BF5E00735FAA /* XCRemoteSwiftPackageReference "iaAPI" */ = {
			isa = XCRemoteSwiftPackageReference;
			repositoryURL = "git@github.com:hunterleebrown/iaAPI.git";
			requirement = {
				kind = upToNextMajorVersion;
				minimumVersion = 2.1.0;
			};
		};
/* End XCRemoteSwiftPackageReference section */

/* Begin XCSwiftPackageProductDependency section */
		5A305F512807BF5E00735FAA /* iaAPI */ = {
			isa = XCSwiftPackageProductDependency;
			package = 5A305F502807BF5E00735FAA /* XCRemoteSwiftPackageReference "iaAPI" */;
			productName = iaAPI;
		};
		5A3AAA832AEDFF36004A15BC /* iaAPI */ = {
			isa = XCSwiftPackageProductDependency;
			package = 5A305F502807BF5E00735FAA /* XCRemoteSwiftPackageReference "iaAPI" */;
			productName = iaAPI;
		};
/* End XCSwiftPackageProductDependency section */

/* Begin XCVersionGroup section */
		5A3AAA772AEDEAC6004A15BC /* Internet_Archive_Player_tvOS.xcdatamodeld */ = {
			isa = XCVersionGroup;
			children = (
				5A3AAA782AEDEAC6004A15BC /* Internet_Archive_Player_tvOS.xcdatamodel */,
			);
			currentVersion = 5A3AAA782AEDEAC6004A15BC /* Internet_Archive_Player_tvOS.xcdatamodel */;
			path = Internet_Archive_Player_tvOS.xcdatamodeld;
			sourceTree = "<group>";
			versionGroupType = wrapper.xcdatamodel;
		};
		5AC10D59281C988C00119C4E /* InternetArchivePlayer.xcdatamodeld */ = {
			isa = XCVersionGroup;
			children = (
				5AC10D5E281C98FC00119C4E /* InternetArchivePlayer 2.xcdatamodel */,
				5AC10D5A281C988C00119C4E /* InternetArchivePlayer.xcdatamodel */,
			);
			currentVersion = 5AC10D5A281C988C00119C4E /* InternetArchivePlayer.xcdatamodel */;
			path = InternetArchivePlayer.xcdatamodeld;
			sourceTree = "<group>";
			versionGroupType = wrapper.xcdatamodel;
		};
/* End XCVersionGroup section */
	};
	rootObject = 5ADED02D279B56EE00FB2E6D /* Project object */;
}
