{
  "originHash" : "9571e29fcb5dad5bd9fc631952ba1bc25dd11f9679483989ac971fe1eae11af3",
  "pins" : [
    {
      "identity" : "iaapi",
      "kind" : "remoteSourceControl",
      "location" : "git@github.com:hunterleebrown/iaAPI.git",
      "state" : {
        "revision" : "ed64a4f386801f6fd9b238ec5a854218536b1c45",
        "version" : "2.7.0"
      }
    }
  ],
  "version" : 3
}
