{
  "pins" : [
    {
      "identity" : "iaapi",
      "kind" : "remoteSourceControl",
      "location" : "git@github.com:hunterleebrown/iaAPI.git",
      "state" : {
        "branch" : "ditching-alamofire",
        "revision" : "0d192ba8681a83a6f3176503eafd8d5db8c9e9cd"
      }
    }
  ],
  "version" : 2
}
