{
  "pins" : [
    {
      "identity" : "iaapi",
      "kind" : "remoteSourceControl",
      "location" : "git@github.com:hunterleebrown/iaAPI.git",
      "state" : {
        "revision" : "6738ff0ae9666f4ed36c08b59897b531e160741d",
        "version" : "2.1.2"
      }
    },
    {
      "identity" : "swiftui-cached-async-image",
      "kind" : "remoteSourceControl",
      "location" : "https://github.com/lorenzofiamingo/swiftui-cached-async-image.git",
      "state" : {
        "revision" : "eeb1565d780d1b75d045e21b5ca2a1e3650b0fc2",
        "version" : "2.1.0"
      }
    }
  ],
  "version" : 2
}
